// !$*UTF8*$!
{
	archiveVersion = 1;
	classes = {
	};
	objectVersion = 46;
	objects = {

/* Begin PBXBuildFile section */
		ED0078FD1C0BEE3D00B87D99 /* CommentTextView.m in Sources */ = {isa = PBXBuildFile; fileRef = ED0078FC1C0BEE3D00B87D99 /* CommentTextView.m */; };
		ED0079001C0D4EFE00B87D99 /* AdViewController.m in Sources */ = {isa = PBXBuildFile; fileRef = ED0078FF1C0D4EFE00B87D99 /* AdViewController.m */; };
		ED00794E1C0E907300B87D99 /* SkViewController.m in Sources */ = {isa = PBXBuildFile; fileRef = ED00794D1C0E907300B87D99 /* SkViewController.m */; };
		ED0079511C0EAA4700B87D99 /* SimpleClientSocket.m in Sources */ = {isa = PBXBuildFile; fileRef = ED0079501C0EAA4700B87D99 /* SimpleClientSocket.m */; };
		ED0079541C0ED8AE00B87D99 /* SimpleServerSocket.m in Sources */ = {isa = PBXBuildFile; fileRef = ED0079531C0ED8AE00B87D99 /* SimpleServerSocket.m */; };
		ED00797A1C113A0400B87D99 /* EmojiViewController.m in Sources */ = {isa = PBXBuildFile; fileRef = ED0079791C113A0400B87D99 /* EmojiViewController.m */; };
		ED007A611C1FAE1900B87D99 /* ZAlertView.m in Sources */ = {isa = PBXBuildFile; fileRef = ED007A601C1FAE1900B87D99 /* ZAlertView.m */; };
		ED007A641C1FAF6300B87D99 /* AlertViewController.m in Sources */ = {isa = PBXBuildFile; fileRef = ED007A631C1FAF6300B87D99 /* AlertViewController.m */; };
		ED24C6A81C2B8276001103D8 /* MSViewController.m in Sources */ = {isa = PBXBuildFile; fileRef = ED24C6A71C2B8276001103D8 /* MSViewController.m */; };
		ED24C6C41C2D3DD9001103D8 /* ZImagePickerController.m in Sources */ = {isa = PBXBuildFile; fileRef = ED24C6C31C2D3DD9001103D8 /* ZImagePickerController.m */; };
		ED4A71A41C560DDE000094F1 /* GCDAsyncSocket.m in Sources */ = {isa = PBXBuildFile; fileRef = ED4A71A31C560DDE000094F1 /* GCDAsyncSocket.m */; settings = {COMPILER_FLAGS = "-fno-objc-arc"; }; };
		ED4A71A91C57089A000094F1 /* ZBookshelfViewController.m in Sources */ = {isa = PBXBuildFile; fileRef = ED4A71A81C57089A000094F1 /* ZBookshelfViewController.m */; };
		ED4A71AD1C570DA5000094F1 /* ZBookshelfCell.m in Sources */ = {isa = PBXBuildFile; fileRef = ED4A71AC1C570DA5000094F1 /* ZBookshelfCell.m */; };
		ED4A71B11C571455000094F1 /* ZBookshelfSupplementaryView.m in Sources */ = {isa = PBXBuildFile; fileRef = ED4A71B01C571455000094F1 /* ZBookshelfSupplementaryView.m */; };
		ED4A71B51C571894000094F1 /* ZBookInfo.m in Sources */ = {isa = PBXBuildFile; fileRef = ED4A71B41C571894000094F1 /* ZBookInfo.m */; };
		ED4A71B91C57202D000094F1 /* ZBookManager.m in Sources */ = {isa = PBXBuildFile; fileRef = ED4A71B81C57202D000094F1 /* ZBookManager.m */; };
		ED4A71BC1C57205B000094F1 /* ZModel.m in Sources */ = {isa = PBXBuildFile; fileRef = ED4A71BB1C57205B000094F1 /* ZModel.m */; };
		ED4A71C11C572375000094F1 /* FMDatabase.framework in Frameworks */ = {isa = PBXBuildFile; fileRef = ED4A71C01C572375000094F1 /* FMDatabase.framework */; };
		ED4A71C41C5723A1000094F1 /* ZDBManager.m in Sources */ = {isa = PBXBuildFile; fileRef = ED4A71C31C5723A1000094F1 /* ZDBManager.m */; };
		ED53BE111BE382F50033A666 /* libsqlite3.0.dylib in Frameworks */ = {isa = PBXBuildFile; fileRef = ED53BE101BE382F50033A666 /* libsqlite3.0.dylib */; };
		ED53BE141BE452EC0033A666 /* Animationdemo.m in Sources */ = {isa = PBXBuildFile; fileRef = ED53BE131BE452EC0033A666 /* Animationdemo.m */; };
		ED53BE171BE459E10033A666 /* CommentViewController.m in Sources */ = {isa = PBXBuildFile; fileRef = ED53BE161BE459E10033A666 /* CommentViewController.m */; };
		ED53BE1A1BE45AF00033A666 /* Book.m in Sources */ = {isa = PBXBuildFile; fileRef = ED53BE191BE45AF00033A666 /* Book.m */; };
		ED53BE1D1BE4CB040033A666 /* TWFXToolBarViewController.m in Sources */ = {isa = PBXBuildFile; fileRef = ED53BE1C1BE4CB040033A666 /* TWFXToolBarViewController.m */; };
		ED5589171BECDEC2004A1A9F /* DB.m in Sources */ = {isa = PBXBuildFile; fileRef = ED5589161BECDEC2004A1A9F /* DB.m */; };
		ED571E3B1BD735DC007D5B66 /* Regx.m in Sources */ = {isa = PBXBuildFile; fileRef = ED571E3A1BD735DC007D5B66 /* Regx.m */; };
		ED58E7DC1C3110E900247997 /* ZSelectImageView.m in Sources */ = {isa = PBXBuildFile; fileRef = ED58E7DB1C3110E900247997 /* ZSelectImageView.m */; };
		ED5A77751C4CD5E4009038E2 /* ZMessageViewController.m in Sources */ = {isa = PBXBuildFile; fileRef = ED5A77741C4CD5E4009038E2 /* ZMessageViewController.m */; };
		ED5A77781C4CD6EC009038E2 /* ZMessageInputView.m in Sources */ = {isa = PBXBuildFile; fileRef = ED5A77771C4CD6EC009038E2 /* ZMessageInputView.m */; };
		ED5A777A1C4CDC2E009038E2 /* Masonry.framework in Frameworks */ = {isa = PBXBuildFile; fileRef = ED5A77791C4CDC2E009038E2 /* Masonry.framework */; };
		ED5A777D1C4CDDB3009038E2 /* MISToolbarAdd@2x.png in Resources */ = {isa = PBXBuildFile; fileRef = ED5A777B1C4CDDB3009038E2 /* MISToolbarAdd@2x.png */; };
		ED5A777E1C4CDDB3009038E2 /* MISToolbarVoice@2x.png in Resources */ = {isa = PBXBuildFile; fileRef = ED5A777C1C4CDDB3009038E2 /* MISToolbarVoice@2x.png */; };
		ED5A77811C4CE47F009038E2 /* ZGrowingTextView.m in Sources */ = {isa = PBXBuildFile; fileRef = ED5A77801C4CE47F009038E2 /* ZGrowingTextView.m */; };
		ED5A77841C4CEEA5009038E2 /* UIView+ZFrame.m in Sources */ = {isa = PBXBuildFile; fileRef = ED5A77831C4CEEA5009038E2 /* UIView+ZFrame.m */; };
		ED5A77871C4CF3F4009038E2 /* testvc.m in Sources */ = {isa = PBXBuildFile; fileRef = ED5A77861C4CF3F4009038E2 /* testvc.m */; };
		ED5A779A1C4F2420009038E2 /* backup.m in Sources */ = {isa = PBXBuildFile; fileRef = ED5A77991C4F2420009038E2 /* backup.m */; };
		ED5A779D1C4F2EE4009038E2 /* ZMessageService.m in Sources */ = {isa = PBXBuildFile; fileRef = ED5A779C1C4F2EE4009038E2 /* ZMessageService.m */; };
		ED5A77A01C4F300B009038E2 /* ZMessageModel.m in Sources */ = {isa = PBXBuildFile; fileRef = ED5A779F1C4F300B009038E2 /* ZMessageModel.m */; };
		ED5A77A31C4F325A009038E2 /* ZMessageList.m in Sources */ = {isa = PBXBuildFile; fileRef = ED5A77A21C4F325A009038E2 /* ZMessageList.m */; };
		ED5A77A61C4F33A6009038E2 /* ZMessageSession.m in Sources */ = {isa = PBXBuildFile; fileRef = ED5A77A51C4F33A6009038E2 /* ZMessageSession.m */; };
		ED5A77A91C4F5191009038E2 /* ZMessageDataSource.m in Sources */ = {isa = PBXBuildFile; fileRef = ED5A77A81C4F5191009038E2 /* ZMessageDataSource.m */; };
		ED5A77AC1C4F6901009038E2 /* ZMessageCell.m in Sources */ = {isa = PBXBuildFile; fileRef = ED5A77AB1C4F6901009038E2 /* ZMessageCell.m */; };
		ED5AF7E21BCE461300612E3C /* AppMainViewController.m in Sources */ = {isa = PBXBuildFile; fileRef = ED5AF7E11BCE461300612E3C /* AppMainViewController.m */; };
		ED5AF7E51BCE466800612E3C /* AppHomeViewController.m in Sources */ = {isa = PBXBuildFile; fileRef = ED5AF7E41BCE466800612E3C /* AppHomeViewController.m */; };
		ED5AF7E81BCE47A800612E3C /* AppFindBookViewController.m in Sources */ = {isa = PBXBuildFile; fileRef = ED5AF7E71BCE47A800612E3C /* AppFindBookViewController.m */; };
		ED5AF7EB1BCF5E9600612E3C /* AppTableViewCell.m in Sources */ = {isa = PBXBuildFile; fileRef = ED5AF7EA1BCF5E9600612E3C /* AppTableViewCell.m */; };
		ED5AF7EE1BCFA61600612E3C /* DemoLabel.m in Sources */ = {isa = PBXBuildFile; fileRef = ED5AF7ED1BCFA61600612E3C /* DemoLabel.m */; };
		ED5AFC5B1BD0B76E00612E3C /* MISAskAddFile@2x.png in Resources */ = {isa = PBXBuildFile; fileRef = ED5AFB791BD0B76D00612E3C /* MISAskAddFile@2x.png */; };
		ED602A431BC4CDCF00DB1A3B /* Dao.m in Sources */ = {isa = PBXBuildFile; fileRef = ED602A421BC4CDCF00DB1A3B /* Dao.m */; };
		ED7042C71BD9E65200FED349 /* test.txt in Resources */ = {isa = PBXBuildFile; fileRef = ED7042C61BD9E65200FED349 /* test.txt */; };
		ED835AE61C5726DD00F0BCFD /* ZTCPManager.m in Sources */ = {isa = PBXBuildFile; fileRef = ED835AE51C5726DD00F0BCFD /* ZTCPManager.m */; };
		ED835AE91C574EAC00F0BCFD /* ZBookInfoViewController.m in Sources */ = {isa = PBXBuildFile; fileRef = ED835AE81C574EAC00F0BCFD /* ZBookInfoViewController.m */; };
		ED835AED1C575CF900F0BCFD /* ZUtil.m in Sources */ = {isa = PBXBuildFile; fileRef = ED835AEC1C575CF900F0BCFD /* ZUtil.m */; };
		ED835AF01C5760C900F0BCFD /* ZMainViewController.m in Sources */ = {isa = PBXBuildFile; fileRef = ED835AEF1C5760C900F0BCFD /* ZMainViewController.m */; };
		ED835AF31C57627E00F0BCFD /* ZBookLibraryViewController.m in Sources */ = {isa = PBXBuildFile; fileRef = ED835AF21C57627E00F0BCFD /* ZBookLibraryViewController.m */; };
		ED835AF61C57651800F0BCFD /* ZBookContentViewController.m in Sources */ = {isa = PBXBuildFile; fileRef = ED835AF51C57651800F0BCFD /* ZBookContentViewController.m */; };
		ED8C294F1C02AE6D00778A08 /* Comment.m in Sources */ = {isa = PBXBuildFile; fileRef = ED8C294E1C02AE6D00778A08 /* Comment.m */; };
		ED8C29521C02EDCE00778A08 /* CommentCell.m in Sources */ = {isa = PBXBuildFile; fileRef = ED8C29511C02EDCD00778A08 /* CommentCell.m */; };
		ED9779021C3152510078C174 /* Photos.framework in Frameworks */ = {isa = PBXBuildFile; fileRef = ED9779011C3152500078C174 /* Photos.framework */; };
		EDB229781C51CB5E00D4E50C /* ZMessageManager.m in Sources */ = {isa = PBXBuildFile; fileRef = EDB229771C51CB5E00D4E50C /* ZMessageManager.m */; };
		EDB293D21BC1062700290C56 /* UTF8FileParser.m in Sources */ = {isa = PBXBuildFile; fileRef = EDB293D11BC1062700290C56 /* UTF8FileParser.m */; };
		EDBA42221BB39162004B9A62 /* AppBookView.m in Sources */ = {isa = PBXBuildFile; fileRef = EDBA42211BB39162004B9A62 /* AppBookView.m */; };
		EDBA42371BB3EDDD004B9A62 /* AppUtils.m in Sources */ = {isa = PBXBuildFile; fileRef = EDBA42361BB3EDDD004B9A62 /* AppUtils.m */; };
		EDC6AC6A1BE1BE6A00693B94 /* CheckboxWithTitle.m in Sources */ = {isa = PBXBuildFile; fileRef = EDC6AC691BE1BE6A00693B94 /* CheckboxWithTitle.m */; };
		EDC6ACE81BE3144900693B94 /* ContentViewController.m in Sources */ = {isa = PBXBuildFile; fileRef = EDC6ACE71BE3144900693B94 /* ContentViewController.m */; };
		EDD04CE41BEDAC3100058BB6 /* BookMark.m in Sources */ = {isa = PBXBuildFile; fileRef = EDD04CE31BEDAC3100058BB6 /* BookMark.m */; };
		EDD21A6B1BDE505300A611A5 /* Buff.m in Sources */ = {isa = PBXBuildFile; fileRef = EDD21A6A1BDE505300A611A5 /* Buff.m */; };
		EDD343A21BC6879D00204C80 /* ClientServer.m in Sources */ = {isa = PBXBuildFile; fileRef = EDD343A11BC6879D00204C80 /* ClientServer.m */; };
		EDD343A71BC6C1D300204C80 /* test.txt in Resources */ = {isa = PBXBuildFile; fileRef = EDD343A61BC6C1D300204C80 /* test.txt */; };
		EDD363E61BC0FB43008CD9AC /* UITouchScrollView.m in Sources */ = {isa = PBXBuildFile; fileRef = EDD363E51BC0FB43008CD9AC /* UITouchScrollView.m */; };
		EDD38DF01BB7BA41001878DC /* AppLabel.m in Sources */ = {isa = PBXBuildFile; fileRef = EDD38DEF1BB7BA41001878DC /* AppLabel.m */; };
		EDD38DF61BB7F75E001878DC /* UIImage+UIColor.m in Sources */ = {isa = PBXBuildFile; fileRef = EDD38DF41BB7F75E001878DC /* UIImage+UIColor.m */; };
		EDD38DF91BB80FEF001878DC /* UILabel+VerticalAlign.m in Sources */ = {isa = PBXBuildFile; fileRef = EDD38DF81BB80FEF001878DC /* UILabel+VerticalAlign.m */; };
		EDE465E91C4FE4BF00C58727 /* ZTextView.m in Sources */ = {isa = PBXBuildFile; fileRef = EDE465E81C4FE4BF00C58727 /* ZTextView.m */; };
		EDF09D021C5648B600B11970 /* cfnetworkVC.m in Sources */ = {isa = PBXBuildFile; fileRef = EDF09D011C5648B600B11970 /* cfnetworkVC.m */; };
		EDFCA7411BB1734F00AF49EA /* main.m in Sources */ = {isa = PBXBuildFile; fileRef = EDFCA7401BB1734F00AF49EA /* main.m */; };
		EDFCA7441BB1734F00AF49EA /* AppDelegate.m in Sources */ = {isa = PBXBuildFile; fileRef = EDFCA7431BB1734F00AF49EA /* AppDelegate.m */; };
		EDFCA7471BB1734F00AF49EA /* ViewController.m in Sources */ = {isa = PBXBuildFile; fileRef = EDFCA7461BB1734F00AF49EA /* ViewController.m */; };
		EDFCA75B1BB1734F00AF49EA /* app_demoTests.m in Sources */ = {isa = PBXBuildFile; fileRef = EDFCA75A1BB1734F00AF49EA /* app_demoTests.m */; };
		EDFFE2BC1BDE0EF200944745 /* Pagination.m in Sources */ = {isa = PBXBuildFile; fileRef = EDFFE2BB1BDE0EF200944745 /* Pagination.m */; };
/* End PBXBuildFile section */

/* Begin PBXContainerItemProxy section */
		EDFCA7551BB1734F00AF49EA /* PBXContainerItemProxy */ = {
			isa = PBXContainerItemProxy;
			containerPortal = EDFCA7331BB1734F00AF49EA /* Project object */;
			proxyType = 1;
			remoteGlobalIDString = EDFCA73A1BB1734F00AF49EA;
			remoteInfo = app_demo;
		};
/* End PBXContainerItemProxy section */

/* Begin PBXFileReference section */
		ED0078FB1C0BEE3D00B87D99 /* CommentTextView.h */ = {isa = PBXFileReference; fileEncoding = 4; lastKnownFileType = sourcecode.c.h; path = CommentTextView.h; sourceTree = "<group>"; };
		ED0078FC1C0BEE3D00B87D99 /* CommentTextView.m */ = {isa = PBXFileReference; fileEncoding = 4; lastKnownFileType = sourcecode.c.objc; path = CommentTextView.m; sourceTree = "<group>"; };
		ED0078FE1C0D4EFE00B87D99 /* AdViewController.h */ = {isa = PBXFileReference; fileEncoding = 4; lastKnownFileType = sourcecode.c.h; path = AdViewController.h; sourceTree = "<group>"; };
		ED0078FF1C0D4EFE00B87D99 /* AdViewController.m */ = {isa = PBXFileReference; fileEncoding = 4; lastKnownFileType = sourcecode.c.objc; path = AdViewController.m; sourceTree = "<group>"; };
		ED00794C1C0E907300B87D99 /* SkViewController.h */ = {isa = PBXFileReference; fileEncoding = 4; lastKnownFileType = sourcecode.c.h; path = SkViewController.h; sourceTree = "<group>"; };
		ED00794D1C0E907300B87D99 /* SkViewController.m */ = {isa = PBXFileReference; fileEncoding = 4; lastKnownFileType = sourcecode.c.objc; path = SkViewController.m; sourceTree = "<group>"; };
		ED00794F1C0EAA4700B87D99 /* SimpleClientSocket.h */ = {isa = PBXFileReference; fileEncoding = 4; lastKnownFileType = sourcecode.c.h; path = SimpleClientSocket.h; sourceTree = "<group>"; };
		ED0079501C0EAA4700B87D99 /* SimpleClientSocket.m */ = {isa = PBXFileReference; fileEncoding = 4; lastKnownFileType = sourcecode.c.objc; path = SimpleClientSocket.m; sourceTree = "<group>"; };
		ED0079521C0ED8AE00B87D99 /* SimpleServerSocket.h */ = {isa = PBXFileReference; fileEncoding = 4; lastKnownFileType = sourcecode.c.h; path = SimpleServerSocket.h; sourceTree = "<group>"; };
		ED0079531C0ED8AE00B87D99 /* SimpleServerSocket.m */ = {isa = PBXFileReference; fileEncoding = 4; lastKnownFileType = sourcecode.c.objc; path = SimpleServerSocket.m; sourceTree = "<group>"; };
		ED0079781C113A0400B87D99 /* EmojiViewController.h */ = {isa = PBXFileReference; fileEncoding = 4; lastKnownFileType = sourcecode.c.h; path = EmojiViewController.h; sourceTree = "<group>"; };
		ED0079791C113A0400B87D99 /* EmojiViewController.m */ = {isa = PBXFileReference; fileEncoding = 4; lastKnownFileType = sourcecode.c.objc; path = EmojiViewController.m; sourceTree = "<group>"; };
		ED007A5F1C1FAE1900B87D99 /* ZAlertView.h */ = {isa = PBXFileReference; fileEncoding = 4; lastKnownFileType = sourcecode.c.h; path = ZAlertView.h; sourceTree = "<group>"; };
		ED007A601C1FAE1900B87D99 /* ZAlertView.m */ = {isa = PBXFileReference; fileEncoding = 4; lastKnownFileType = sourcecode.c.objc; path = ZAlertView.m; sourceTree = "<group>"; };
		ED007A621C1FAF6300B87D99 /* AlertViewController.h */ = {isa = PBXFileReference; fileEncoding = 4; lastKnownFileType = sourcecode.c.h; path = AlertViewController.h; sourceTree = "<group>"; };
		ED007A631C1FAF6300B87D99 /* AlertViewController.m */ = {isa = PBXFileReference; fileEncoding = 4; lastKnownFileType = sourcecode.c.objc; path = AlertViewController.m; sourceTree = "<group>"; };
		ED24C6A61C2B8276001103D8 /* MSViewController.h */ = {isa = PBXFileReference; fileEncoding = 4; lastKnownFileType = sourcecode.c.h; path = MSViewController.h; sourceTree = "<group>"; };
		ED24C6A71C2B8276001103D8 /* MSViewController.m */ = {isa = PBXFileReference; fileEncoding = 4; lastKnownFileType = sourcecode.c.objc; path = MSViewController.m; sourceTree = "<group>"; };
		ED24C6C21C2D3DD9001103D8 /* ZImagePickerController.h */ = {isa = PBXFileReference; fileEncoding = 4; lastKnownFileType = sourcecode.c.h; path = ZImagePickerController.h; sourceTree = "<group>"; };
		ED24C6C31C2D3DD9001103D8 /* ZImagePickerController.m */ = {isa = PBXFileReference; fileEncoding = 4; lastKnownFileType = sourcecode.c.objc; path = ZImagePickerController.m; sourceTree = "<group>"; };
		ED24C6C51C2D3EB9001103D8 /* AssetsLibrary.framework */ = {isa = PBXFileReference; lastKnownFileType = wrapper.framework; name = AssetsLibrary.framework; path = System/Library/Frameworks/AssetsLibrary.framework; sourceTree = SDKROOT; };
		ED4A71A21C560DDE000094F1 /* GCDAsyncSocket.h */ = {isa = PBXFileReference; fileEncoding = 4; lastKnownFileType = sourcecode.c.h; path = GCDAsyncSocket.h; sourceTree = "<group>"; };
		ED4A71A31C560DDE000094F1 /* GCDAsyncSocket.m */ = {isa = PBXFileReference; fileEncoding = 4; lastKnownFileType = sourcecode.c.objc; path = GCDAsyncSocket.m; sourceTree = "<group>"; };
		ED4A71A71C57089A000094F1 /* ZBookshelfViewController.h */ = {isa = PBXFileReference; fileEncoding = 4; lastKnownFileType = sourcecode.c.h; path = ZBookshelfViewController.h; sourceTree = "<group>"; };
		ED4A71A81C57089A000094F1 /* ZBookshelfViewController.m */ = {isa = PBXFileReference; fileEncoding = 4; lastKnownFileType = sourcecode.c.objc; path = ZBookshelfViewController.m; sourceTree = "<group>"; };
		ED4A71AB1C570DA5000094F1 /* ZBookshelfCell.h */ = {isa = PBXFileReference; fileEncoding = 4; lastKnownFileType = sourcecode.c.h; path = ZBookshelfCell.h; sourceTree = "<group>"; };
		ED4A71AC1C570DA5000094F1 /* ZBookshelfCell.m */ = {isa = PBXFileReference; fileEncoding = 4; lastKnownFileType = sourcecode.c.objc; path = ZBookshelfCell.m; sourceTree = "<group>"; };
		ED4A71AF1C571455000094F1 /* ZBookshelfSupplementaryView.h */ = {isa = PBXFileReference; fileEncoding = 4; lastKnownFileType = sourcecode.c.h; path = ZBookshelfSupplementaryView.h; sourceTree = "<group>"; };
		ED4A71B01C571455000094F1 /* ZBookshelfSupplementaryView.m */ = {isa = PBXFileReference; fileEncoding = 4; lastKnownFileType = sourcecode.c.objc; path = ZBookshelfSupplementaryView.m; sourceTree = "<group>"; };
		ED4A71B31C571894000094F1 /* ZBookInfo.h */ = {isa = PBXFileReference; fileEncoding = 4; lastKnownFileType = sourcecode.c.h; path = ZBookInfo.h; sourceTree = "<group>"; };
		ED4A71B41C571894000094F1 /* ZBookInfo.m */ = {isa = PBXFileReference; fileEncoding = 4; lastKnownFileType = sourcecode.c.objc; path = ZBookInfo.m; sourceTree = "<group>"; };
		ED4A71B71C57202D000094F1 /* ZBookManager.h */ = {isa = PBXFileReference; fileEncoding = 4; lastKnownFileType = sourcecode.c.h; path = ZBookManager.h; sourceTree = "<group>"; };
		ED4A71B81C57202D000094F1 /* ZBookManager.m */ = {isa = PBXFileReference; fileEncoding = 4; lastKnownFileType = sourcecode.c.objc; path = ZBookManager.m; sourceTree = "<group>"; };
		ED4A71BA1C57205B000094F1 /* ZModel.h */ = {isa = PBXFileReference; fileEncoding = 4; lastKnownFileType = sourcecode.c.h; path = ZModel.h; sourceTree = "<group>"; };
		ED4A71BB1C57205B000094F1 /* ZModel.m */ = {isa = PBXFileReference; fileEncoding = 4; lastKnownFileType = sourcecode.c.objc; path = ZModel.m; sourceTree = "<group>"; };
		ED4A71BE1C572282000094F1 /* enum.h */ = {isa = PBXFileReference; lastKnownFileType = sourcecode.c.h; path = enum.h; sourceTree = "<group>"; };
		ED4A71C01C572375000094F1 /* FMDatabase.framework */ = {isa = PBXFileReference; lastKnownFileType = wrapper.framework; path = FMDatabase.framework; sourceTree = "<group>"; };
		ED4A71C21C5723A1000094F1 /* ZDBManager.h */ = {isa = PBXFileReference; fileEncoding = 4; lastKnownFileType = sourcecode.c.h; path = ZDBManager.h; sourceTree = "<group>"; };
		ED4A71C31C5723A1000094F1 /* ZDBManager.m */ = {isa = PBXFileReference; fileEncoding = 4; lastKnownFileType = sourcecode.c.objc; path = ZDBManager.m; sourceTree = "<group>"; };
		ED53BE101BE382F50033A666 /* libsqlite3.0.dylib */ = {isa = PBXFileReference; lastKnownFileType = "compiled.mach-o.dylib"; name = libsqlite3.0.dylib; path = usr/lib/libsqlite3.0.dylib; sourceTree = SDKROOT; };
		ED53BE121BE452EC0033A666 /* Animationdemo.h */ = {isa = PBXFileReference; fileEncoding = 4; lastKnownFileType = sourcecode.c.h; path = Animationdemo.h; sourceTree = "<group>"; };
		ED53BE131BE452EC0033A666 /* Animationdemo.m */ = {isa = PBXFileReference; fileEncoding = 4; lastKnownFileType = sourcecode.c.objc; path = Animationdemo.m; sourceTree = "<group>"; };
		ED53BE151BE459E10033A666 /* CommentViewController.h */ = {isa = PBXFileReference; fileEncoding = 4; lastKnownFileType = sourcecode.c.h; path = CommentViewController.h; sourceTree = "<group>"; };
		ED53BE161BE459E10033A666 /* CommentViewController.m */ = {isa = PBXFileReference; fileEncoding = 4; lastKnownFileType = sourcecode.c.objc; path = CommentViewController.m; sourceTree = "<group>"; };
		ED53BE181BE45AF00033A666 /* Book.h */ = {isa = PBXFileReference; fileEncoding = 4; lastKnownFileType = sourcecode.c.h; path = Book.h; sourceTree = "<group>"; };
		ED53BE191BE45AF00033A666 /* Book.m */ = {isa = PBXFileReference; fileEncoding = 4; lastKnownFileType = sourcecode.c.objc; path = Book.m; sourceTree = "<group>"; };
		ED53BE1B1BE4CB040033A666 /* TWFXToolBarViewController.h */ = {isa = PBXFileReference; fileEncoding = 4; lastKnownFileType = sourcecode.c.h; path = TWFXToolBarViewController.h; sourceTree = "<group>"; };
		ED53BE1C1BE4CB040033A666 /* TWFXToolBarViewController.m */ = {isa = PBXFileReference; fileEncoding = 4; lastKnownFileType = sourcecode.c.objc; path = TWFXToolBarViewController.m; sourceTree = "<group>"; };
		ED5589151BECDEC2004A1A9F /* DB.h */ = {isa = PBXFileReference; fileEncoding = 4; lastKnownFileType = sourcecode.c.h; path = DB.h; sourceTree = "<group>"; };
		ED5589161BECDEC2004A1A9F /* DB.m */ = {isa = PBXFileReference; fileEncoding = 4; lastKnownFileType = sourcecode.c.objc; path = DB.m; sourceTree = "<group>"; };
		ED571E391BD735DC007D5B66 /* Regx.h */ = {isa = PBXFileReference; fileEncoding = 4; lastKnownFileType = sourcecode.c.h; path = Regx.h; sourceTree = "<group>"; };
		ED571E3A1BD735DC007D5B66 /* Regx.m */ = {isa = PBXFileReference; fileEncoding = 4; lastKnownFileType = sourcecode.c.objc; path = Regx.m; sourceTree = "<group>"; };
		ED58E7DA1C3110E900247997 /* ZSelectImageView.h */ = {isa = PBXFileReference; fileEncoding = 4; lastKnownFileType = sourcecode.c.h; path = ZSelectImageView.h; sourceTree = "<group>"; };
		ED58E7DB1C3110E900247997 /* ZSelectImageView.m */ = {isa = PBXFileReference; fileEncoding = 4; lastKnownFileType = sourcecode.c.objc; path = ZSelectImageView.m; sourceTree = "<group>"; };
		ED5A77731C4CD5E4009038E2 /* ZMessageViewController.h */ = {isa = PBXFileReference; fileEncoding = 4; lastKnownFileType = sourcecode.c.h; path = ZMessageViewController.h; sourceTree = "<group>"; };
		ED5A77741C4CD5E4009038E2 /* ZMessageViewController.m */ = {isa = PBXFileReference; fileEncoding = 4; lastKnownFileType = sourcecode.c.objc; path = ZMessageViewController.m; sourceTree = "<group>"; };
		ED5A77761C4CD6EC009038E2 /* ZMessageInputView.h */ = {isa = PBXFileReference; fileEncoding = 4; lastKnownFileType = sourcecode.c.h; path = ZMessageInputView.h; sourceTree = "<group>"; };
		ED5A77771C4CD6EC009038E2 /* ZMessageInputView.m */ = {isa = PBXFileReference; fileEncoding = 4; lastKnownFileType = sourcecode.c.objc; path = ZMessageInputView.m; sourceTree = "<group>"; };
		ED5A77791C4CDC2E009038E2 /* Masonry.framework */ = {isa = PBXFileReference; lastKnownFileType = wrapper.framework; path = Masonry.framework; sourceTree = "<group>"; };
		ED5A777B1C4CDDB3009038E2 /* MISToolbarAdd@2x.png */ = {isa = PBXFileReference; lastKnownFileType = image.png; path = "MISToolbarAdd@2x.png"; sourceTree = "<group>"; };
		ED5A777C1C4CDDB3009038E2 /* MISToolbarVoice@2x.png */ = {isa = PBXFileReference; lastKnownFileType = image.png; path = "MISToolbarVoice@2x.png"; sourceTree = "<group>"; };
		ED5A777F1C4CE47F009038E2 /* ZGrowingTextView.h */ = {isa = PBXFileReference; fileEncoding = 4; lastKnownFileType = sourcecode.c.h; path = ZGrowingTextView.h; sourceTree = "<group>"; };
		ED5A77801C4CE47F009038E2 /* ZGrowingTextView.m */ = {isa = PBXFileReference; fileEncoding = 4; lastKnownFileType = sourcecode.c.objc; path = ZGrowingTextView.m; sourceTree = "<group>"; };
		ED5A77821C4CEEA5009038E2 /* UIView+ZFrame.h */ = {isa = PBXFileReference; fileEncoding = 4; lastKnownFileType = sourcecode.c.h; path = "UIView+ZFrame.h"; sourceTree = "<group>"; };
		ED5A77831C4CEEA5009038E2 /* UIView+ZFrame.m */ = {isa = PBXFileReference; fileEncoding = 4; lastKnownFileType = sourcecode.c.objc; path = "UIView+ZFrame.m"; sourceTree = "<group>"; };
		ED5A77851C4CF3F4009038E2 /* testvc.h */ = {isa = PBXFileReference; fileEncoding = 4; lastKnownFileType = sourcecode.c.h; path = testvc.h; sourceTree = "<group>"; };
		ED5A77861C4CF3F4009038E2 /* testvc.m */ = {isa = PBXFileReference; fileEncoding = 4; lastKnownFileType = sourcecode.c.objc; path = testvc.m; sourceTree = "<group>"; };
		ED5A77981C4F2420009038E2 /* backup.h */ = {isa = PBXFileReference; fileEncoding = 4; lastKnownFileType = sourcecode.c.h; path = backup.h; sourceTree = "<group>"; };
		ED5A77991C4F2420009038E2 /* backup.m */ = {isa = PBXFileReference; fileEncoding = 4; lastKnownFileType = sourcecode.c.objc; path = backup.m; sourceTree = "<group>"; };
		ED5A779B1C4F2EE4009038E2 /* ZMessageService.h */ = {isa = PBXFileReference; fileEncoding = 4; lastKnownFileType = sourcecode.c.h; path = ZMessageService.h; sourceTree = "<group>"; };
		ED5A779C1C4F2EE4009038E2 /* ZMessageService.m */ = {isa = PBXFileReference; fileEncoding = 4; lastKnownFileType = sourcecode.c.objc; path = ZMessageService.m; sourceTree = "<group>"; };
		ED5A779E1C4F300B009038E2 /* ZMessageModel.h */ = {isa = PBXFileReference; fileEncoding = 4; lastKnownFileType = sourcecode.c.h; path = ZMessageModel.h; sourceTree = "<group>"; };
		ED5A779F1C4F300B009038E2 /* ZMessageModel.m */ = {isa = PBXFileReference; fileEncoding = 4; lastKnownFileType = sourcecode.c.objc; path = ZMessageModel.m; sourceTree = "<group>"; };
		ED5A77A11C4F325A009038E2 /* ZMessageList.h */ = {isa = PBXFileReference; fileEncoding = 4; lastKnownFileType = sourcecode.c.h; path = ZMessageList.h; sourceTree = "<group>"; };
		ED5A77A21C4F325A009038E2 /* ZMessageList.m */ = {isa = PBXFileReference; fileEncoding = 4; lastKnownFileType = sourcecode.c.objc; path = ZMessageList.m; sourceTree = "<group>"; };
		ED5A77A41C4F33A6009038E2 /* ZMessageSession.h */ = {isa = PBXFileReference; fileEncoding = 4; lastKnownFileType = sourcecode.c.h; path = ZMessageSession.h; sourceTree = "<group>"; };
		ED5A77A51C4F33A6009038E2 /* ZMessageSession.m */ = {isa = PBXFileReference; fileEncoding = 4; lastKnownFileType = sourcecode.c.objc; path = ZMessageSession.m; sourceTree = "<group>"; };
		ED5A77A71C4F5191009038E2 /* ZMessageDataSource.h */ = {isa = PBXFileReference; fileEncoding = 4; lastKnownFileType = sourcecode.c.h; path = ZMessageDataSource.h; sourceTree = "<group>"; };
		ED5A77A81C4F5191009038E2 /* ZMessageDataSource.m */ = {isa = PBXFileReference; fileEncoding = 4; lastKnownFileType = sourcecode.c.objc; path = ZMessageDataSource.m; sourceTree = "<group>"; };
		ED5A77AA1C4F6901009038E2 /* ZMessageCell.h */ = {isa = PBXFileReference; fileEncoding = 4; lastKnownFileType = sourcecode.c.h; path = ZMessageCell.h; sourceTree = "<group>"; };
		ED5A77AB1C4F6901009038E2 /* ZMessageCell.m */ = {isa = PBXFileReference; fileEncoding = 4; lastKnownFileType = sourcecode.c.objc; path = ZMessageCell.m; sourceTree = "<group>"; };
		ED5AF7E01BCE461300612E3C /* AppMainViewController.h */ = {isa = PBXFileReference; fileEncoding = 4; lastKnownFileType = sourcecode.c.h; path = AppMainViewController.h; sourceTree = "<group>"; };
		ED5AF7E11BCE461300612E3C /* AppMainViewController.m */ = {isa = PBXFileReference; fileEncoding = 4; lastKnownFileType = sourcecode.c.objc; path = AppMainViewController.m; sourceTree = "<group>"; };
		ED5AF7E31BCE466800612E3C /* AppHomeViewController.h */ = {isa = PBXFileReference; fileEncoding = 4; lastKnownFileType = sourcecode.c.h; path = AppHomeViewController.h; sourceTree = "<group>"; };
		ED5AF7E41BCE466800612E3C /* AppHomeViewController.m */ = {isa = PBXFileReference; fileEncoding = 4; lastKnownFileType = sourcecode.c.objc; path = AppHomeViewController.m; sourceTree = "<group>"; };
		ED5AF7E61BCE47A800612E3C /* AppFindBookViewController.h */ = {isa = PBXFileReference; fileEncoding = 4; lastKnownFileType = sourcecode.c.h; path = AppFindBookViewController.h; sourceTree = "<group>"; };
		ED5AF7E71BCE47A800612E3C /* AppFindBookViewController.m */ = {isa = PBXFileReference; fileEncoding = 4; lastKnownFileType = sourcecode.c.objc; path = AppFindBookViewController.m; sourceTree = "<group>"; };
		ED5AF7E91BCF5E9600612E3C /* AppTableViewCell.h */ = {isa = PBXFileReference; fileEncoding = 4; lastKnownFileType = sourcecode.c.h; path = AppTableViewCell.h; sourceTree = "<group>"; };
		ED5AF7EA1BCF5E9600612E3C /* AppTableViewCell.m */ = {isa = PBXFileReference; fileEncoding = 4; lastKnownFileType = sourcecode.c.objc; path = AppTableViewCell.m; sourceTree = "<group>"; };
		ED5AF7EC1BCFA61600612E3C /* DemoLabel.h */ = {isa = PBXFileReference; fileEncoding = 4; lastKnownFileType = sourcecode.c.h; path = DemoLabel.h; sourceTree = "<group>"; };
		ED5AF7ED1BCFA61600612E3C /* DemoLabel.m */ = {isa = PBXFileReference; fileEncoding = 4; lastKnownFileType = sourcecode.c.objc; path = DemoLabel.m; sourceTree = "<group>"; };
		ED5AFB791BD0B76D00612E3C /* MISAskAddFile@2x.png */ = {isa = PBXFileReference; lastKnownFileType = image.png; path = "MISAskAddFile@2x.png"; sourceTree = "<group>"; };
		ED602A411BC4CDCF00DB1A3B /* Dao.h */ = {isa = PBXFileReference; fileEncoding = 4; lastKnownFileType = sourcecode.c.h; path = Dao.h; sourceTree = "<group>"; };
		ED602A421BC4CDCF00DB1A3B /* Dao.m */ = {isa = PBXFileReference; fileEncoding = 4; lastKnownFileType = sourcecode.c.objc; path = Dao.m; sourceTree = "<group>"; };
		ED7042C61BD9E65200FED349 /* test.txt */ = {isa = PBXFileReference; fileEncoding = 4; lastKnownFileType = text; path = test.txt; sourceTree = "<group>"; };
		ED7296D21C57B332006B9BAD /* prefix.pch */ = {isa = PBXFileReference; lastKnownFileType = sourcecode.c.h; path = prefix.pch; sourceTree = "<group>"; };
		ED7296D61C57BC80006B9BAD /* ZConstant.h */ = {isa = PBXFileReference; lastKnownFileType = sourcecode.c.h; path = ZConstant.h; sourceTree = "<group>"; };
		ED835AE41C5726DD00F0BCFD /* ZTCPManager.h */ = {isa = PBXFileReference; fileEncoding = 4; lastKnownFileType = sourcecode.c.h; path = ZTCPManager.h; sourceTree = "<group>"; };
		ED835AE51C5726DD00F0BCFD /* ZTCPManager.m */ = {isa = PBXFileReference; fileEncoding = 4; lastKnownFileType = sourcecode.c.objc; path = ZTCPManager.m; sourceTree = "<group>"; };
		ED835AE71C574EAC00F0BCFD /* ZBookInfoViewController.h */ = {isa = PBXFileReference; fileEncoding = 4; lastKnownFileType = sourcecode.c.h; path = ZBookInfoViewController.h; sourceTree = "<group>"; };
		ED835AE81C574EAC00F0BCFD /* ZBookInfoViewController.m */ = {isa = PBXFileReference; fileEncoding = 4; lastKnownFileType = sourcecode.c.objc; path = ZBookInfoViewController.m; sourceTree = "<group>"; };
		ED835AEB1C575CF900F0BCFD /* ZUtil.h */ = {isa = PBXFileReference; fileEncoding = 4; lastKnownFileType = sourcecode.c.h; path = ZUtil.h; sourceTree = "<group>"; };
		ED835AEC1C575CF900F0BCFD /* ZUtil.m */ = {isa = PBXFileReference; fileEncoding = 4; lastKnownFileType = sourcecode.c.objc; path = ZUtil.m; sourceTree = "<group>"; };
		ED835AEE1C5760C900F0BCFD /* ZMainViewController.h */ = {isa = PBXFileReference; fileEncoding = 4; lastKnownFileType = sourcecode.c.h; path = ZMainViewController.h; sourceTree = "<group>"; };
		ED835AEF1C5760C900F0BCFD /* ZMainViewController.m */ = {isa = PBXFileReference; fileEncoding = 4; lastKnownFileType = sourcecode.c.objc; path = ZMainViewController.m; sourceTree = "<group>"; };
		ED835AF11C57627E00F0BCFD /* ZBookLibraryViewController.h */ = {isa = PBXFileReference; fileEncoding = 4; lastKnownFileType = sourcecode.c.h; path = ZBookLibraryViewController.h; sourceTree = "<group>"; };
		ED835AF21C57627E00F0BCFD /* ZBookLibraryViewController.m */ = {isa = PBXFileReference; fileEncoding = 4; lastKnownFileType = sourcecode.c.objc; path = ZBookLibraryViewController.m; sourceTree = "<group>"; };
		ED835AF41C57651800F0BCFD /* ZBookContentViewController.h */ = {isa = PBXFileReference; fileEncoding = 4; lastKnownFileType = sourcecode.c.h; path = ZBookContentViewController.h; sourceTree = "<group>"; };
		ED835AF51C57651800F0BCFD /* ZBookContentViewController.m */ = {isa = PBXFileReference; fileEncoding = 4; lastKnownFileType = sourcecode.c.objc; path = ZBookContentViewController.m; sourceTree = "<group>"; };
		ED8C294D1C02AE6D00778A08 /* Comment.h */ = {isa = PBXFileReference; fileEncoding = 4; lastKnownFileType = sourcecode.c.h; path = Comment.h; sourceTree = "<group>"; };
		ED8C294E1C02AE6D00778A08 /* Comment.m */ = {isa = PBXFileReference; fileEncoding = 4; lastKnownFileType = sourcecode.c.objc; path = Comment.m; sourceTree = "<group>"; };
		ED8C29501C02EDCD00778A08 /* CommentCell.h */ = {isa = PBXFileReference; fileEncoding = 4; lastKnownFileType = sourcecode.c.h; path = CommentCell.h; sourceTree = "<group>"; };
		ED8C29511C02EDCD00778A08 /* CommentCell.m */ = {isa = PBXFileReference; fileEncoding = 4; lastKnownFileType = sourcecode.c.objc; path = CommentCell.m; sourceTree = "<group>"; };
		ED9779011C3152500078C174 /* Photos.framework */ = {isa = PBXFileReference; lastKnownFileType = wrapper.framework; name = Photos.framework; path = System/Library/Frameworks/Photos.framework; sourceTree = SDKROOT; };
		EDB229761C51CB5E00D4E50C /* ZMessageManager.h */ = {isa = PBXFileReference; fileEncoding = 4; lastKnownFileType = sourcecode.c.h; path = ZMessageManager.h; sourceTree = "<group>"; };
		EDB229771C51CB5E00D4E50C /* ZMessageManager.m */ = {isa = PBXFileReference; fileEncoding = 4; lastKnownFileType = sourcecode.c.objc; path = ZMessageManager.m; sourceTree = "<group>"; };
		EDB293D01BC1062700290C56 /* UTF8FileParser.h */ = {isa = PBXFileReference; fileEncoding = 4; lastKnownFileType = sourcecode.c.h; path = UTF8FileParser.h; sourceTree = "<group>"; };
		EDB293D11BC1062700290C56 /* UTF8FileParser.m */ = {isa = PBXFileReference; fileEncoding = 4; lastKnownFileType = sourcecode.c.objc; path = UTF8FileParser.m; sourceTree = "<group>"; };
		EDBA42201BB39162004B9A62 /* AppBookView.h */ = {isa = PBXFileReference; fileEncoding = 4; lastKnownFileType = sourcecode.c.h; path = AppBookView.h; sourceTree = "<group>"; };
		EDBA42211BB39162004B9A62 /* AppBookView.m */ = {isa = PBXFileReference; fileEncoding = 4; lastKnownFileType = sourcecode.c.objc; path = AppBookView.m; sourceTree = "<group>"; };
		EDBA422B1BB3A257004B9A62 /* AppConfig.h */ = {isa = PBXFileReference; fileEncoding = 4; lastKnownFileType = sourcecode.c.h; path = AppConfig.h; sourceTree = "<group>"; };
		EDBA42351BB3EDDD004B9A62 /* AppUtils.h */ = {isa = PBXFileReference; fileEncoding = 4; lastKnownFileType = sourcecode.c.h; path = AppUtils.h; sourceTree = "<group>"; };
		EDBA42361BB3EDDD004B9A62 /* AppUtils.m */ = {isa = PBXFileReference; fileEncoding = 4; lastKnownFileType = sourcecode.c.objc; path = AppUtils.m; sourceTree = "<group>"; };
		EDC6AC681BE1BE6A00693B94 /* CheckboxWithTitle.h */ = {isa = PBXFileReference; fileEncoding = 4; lastKnownFileType = sourcecode.c.h; path = CheckboxWithTitle.h; sourceTree = "<group>"; };
		EDC6AC691BE1BE6A00693B94 /* CheckboxWithTitle.m */ = {isa = PBXFileReference; fileEncoding = 4; lastKnownFileType = sourcecode.c.objc; path = CheckboxWithTitle.m; sourceTree = "<group>"; };
		EDC6ACE61BE3144900693B94 /* ContentViewController.h */ = {isa = PBXFileReference; fileEncoding = 4; lastKnownFileType = sourcecode.c.h; path = ContentViewController.h; sourceTree = "<group>"; };
		EDC6ACE71BE3144900693B94 /* ContentViewController.m */ = {isa = PBXFileReference; fileEncoding = 4; lastKnownFileType = sourcecode.c.objc; path = ContentViewController.m; sourceTree = "<group>"; };
		EDD04CE21BEDAC3100058BB6 /* BookMark.h */ = {isa = PBXFileReference; fileEncoding = 4; lastKnownFileType = sourcecode.c.h; path = BookMark.h; sourceTree = "<group>"; };
		EDD04CE31BEDAC3100058BB6 /* BookMark.m */ = {isa = PBXFileReference; fileEncoding = 4; lastKnownFileType = sourcecode.c.objc; path = BookMark.m; sourceTree = "<group>"; };
		EDD21A691BDE505300A611A5 /* Buff.h */ = {isa = PBXFileReference; fileEncoding = 4; lastKnownFileType = sourcecode.c.h; path = Buff.h; sourceTree = "<group>"; };
		EDD21A6A1BDE505300A611A5 /* Buff.m */ = {isa = PBXFileReference; fileEncoding = 4; lastKnownFileType = sourcecode.c.objc; path = Buff.m; sourceTree = "<group>"; };
		EDD343A01BC6879D00204C80 /* ClientServer.h */ = {isa = PBXFileReference; fileEncoding = 4; lastKnownFileType = sourcecode.c.h; path = ClientServer.h; sourceTree = "<group>"; };
		EDD343A11BC6879D00204C80 /* ClientServer.m */ = {isa = PBXFileReference; fileEncoding = 4; lastKnownFileType = sourcecode.c.objc; path = ClientServer.m; sourceTree = "<group>"; };
		EDD343A61BC6C1D300204C80 /* test.txt */ = {isa = PBXFileReference; lastKnownFileType = text; path = test.txt; sourceTree = "<group>"; };
		EDD363E41BC0FB43008CD9AC /* UITouchScrollView.h */ = {isa = PBXFileReference; fileEncoding = 4; lastKnownFileType = sourcecode.c.h; path = UITouchScrollView.h; sourceTree = "<group>"; };
		EDD363E51BC0FB43008CD9AC /* UITouchScrollView.m */ = {isa = PBXFileReference; fileEncoding = 4; lastKnownFileType = sourcecode.c.objc; path = UITouchScrollView.m; sourceTree = "<group>"; };
		EDD38DEE1BB7BA41001878DC /* AppLabel.h */ = {isa = PBXFileReference; fileEncoding = 4; lastKnownFileType = sourcecode.c.h; path = AppLabel.h; sourceTree = "<group>"; };
		EDD38DEF1BB7BA41001878DC /* AppLabel.m */ = {isa = PBXFileReference; fileEncoding = 4; lastKnownFileType = sourcecode.c.objc; path = AppLabel.m; sourceTree = "<group>"; };
		EDD38DF31BB7F75E001878DC /* UIImage+UIColor.h */ = {isa = PBXFileReference; fileEncoding = 4; lastKnownFileType = sourcecode.c.h; path = "UIImage+UIColor.h"; sourceTree = "<group>"; };
		EDD38DF41BB7F75E001878DC /* UIImage+UIColor.m */ = {isa = PBXFileReference; fileEncoding = 4; lastKnownFileType = sourcecode.c.objc; path = "UIImage+UIColor.m"; sourceTree = "<group>"; };
		EDD38DF71BB80FEF001878DC /* UILabel+VerticalAlign.h */ = {isa = PBXFileReference; fileEncoding = 4; lastKnownFileType = sourcecode.c.h; path = "UILabel+VerticalAlign.h"; sourceTree = "<group>"; };
		EDD38DF81BB80FEF001878DC /* UILabel+VerticalAlign.m */ = {isa = PBXFileReference; fileEncoding = 4; lastKnownFileType = sourcecode.c.objc; path = "UILabel+VerticalAlign.m"; sourceTree = "<group>"; };
		EDE465E71C4FE4BF00C58727 /* ZTextView.h */ = {isa = PBXFileReference; fileEncoding = 4; lastKnownFileType = sourcecode.c.h; path = ZTextView.h; sourceTree = "<group>"; };
		EDE465E81C4FE4BF00C58727 /* ZTextView.m */ = {isa = PBXFileReference; fileEncoding = 4; lastKnownFileType = sourcecode.c.objc; path = ZTextView.m; sourceTree = "<group>"; };
		EDF09D001C5648B600B11970 /* cfnetworkVC.h */ = {isa = PBXFileReference; fileEncoding = 4; lastKnownFileType = sourcecode.c.h; path = cfnetworkVC.h; sourceTree = "<group>"; };
		EDF09D011C5648B600B11970 /* cfnetworkVC.m */ = {isa = PBXFileReference; fileEncoding = 4; lastKnownFileType = sourcecode.c.objc; path = cfnetworkVC.m; sourceTree = "<group>"; };
		EDFCA73B1BB1734F00AF49EA /* app_demo.app */ = {isa = PBXFileReference; explicitFileType = wrapper.application; includeInIndex = 0; path = app_demo.app; sourceTree = BUILT_PRODUCTS_DIR; };
		EDFCA73F1BB1734F00AF49EA /* Info.plist */ = {isa = PBXFileReference; lastKnownFileType = text.plist.xml; path = Info.plist; sourceTree = "<group>"; };
		EDFCA7401BB1734F00AF49EA /* main.m */ = {isa = PBXFileReference; lastKnownFileType = sourcecode.c.objc; path = main.m; sourceTree = "<group>"; };
		EDFCA7421BB1734F00AF49EA /* AppDelegate.h */ = {isa = PBXFileReference; lastKnownFileType = sourcecode.c.h; path = AppDelegate.h; sourceTree = "<group>"; };
		EDFCA7431BB1734F00AF49EA /* AppDelegate.m */ = {isa = PBXFileReference; lastKnownFileType = sourcecode.c.objc; path = AppDelegate.m; sourceTree = "<group>"; };
		EDFCA7451BB1734F00AF49EA /* ViewController.h */ = {isa = PBXFileReference; lastKnownFileType = sourcecode.c.h; path = ViewController.h; sourceTree = "<group>"; };
		EDFCA7461BB1734F00AF49EA /* ViewController.m */ = {isa = PBXFileReference; lastKnownFileType = sourcecode.c.objc; path = ViewController.m; sourceTree = "<group>"; };
		EDFCA7541BB1734F00AF49EA /* app_demoTests.xctest */ = {isa = PBXFileReference; explicitFileType = wrapper.cfbundle; includeInIndex = 0; path = app_demoTests.xctest; sourceTree = BUILT_PRODUCTS_DIR; };
		EDFCA7591BB1734F00AF49EA /* Info.plist */ = {isa = PBXFileReference; lastKnownFileType = text.plist.xml; path = Info.plist; sourceTree = "<group>"; };
		EDFCA75A1BB1734F00AF49EA /* app_demoTests.m */ = {isa = PBXFileReference; lastKnownFileType = sourcecode.c.objc; path = app_demoTests.m; sourceTree = "<group>"; };
		EDFFE2BA1BDE0EF200944745 /* Pagination.h */ = {isa = PBXFileReference; fileEncoding = 4; lastKnownFileType = sourcecode.c.h; path = Pagination.h; sourceTree = "<group>"; };
		EDFFE2BB1BDE0EF200944745 /* Pagination.m */ = {isa = PBXFileReference; fileEncoding = 4; lastKnownFileType = sourcecode.c.objc; path = Pagination.m; sourceTree = "<group>"; };
/* End PBXFileReference section */

/* Begin PBXFrameworksBuildPhase section */
		EDFCA7381BB1734F00AF49EA /* Frameworks */ = {
			isa = PBXFrameworksBuildPhase;
			buildActionMask = 2147483647;
			files = (
				ED4A71C11C572375000094F1 /* FMDatabase.framework in Frameworks */,
				ED5A777A1C4CDC2E009038E2 /* Masonry.framework in Frameworks */,
				ED9779021C3152510078C174 /* Photos.framework in Frameworks */,
				ED53BE111BE382F50033A666 /* libsqlite3.0.dylib in Frameworks */,
			);
			runOnlyForDeploymentPostprocessing = 0;
		};
		EDFCA7511BB1734F00AF49EA /* Frameworks */ = {
			isa = PBXFrameworksBuildPhase;
			buildActionMask = 2147483647;
			files = (
			);
			runOnlyForDeploymentPostprocessing = 0;
		};
/* End PBXFrameworksBuildPhase section */

/* Begin PBXGroup section */
		ED4A71A11C560DA2000094F1 /* gcdsocket */ = {
			isa = PBXGroup;
			children = (
				ED4A71A21C560DDE000094F1 /* GCDAsyncSocket.h */,
				ED4A71A31C560DDE000094F1 /* GCDAsyncSocket.m */,
			);
			name = gcdsocket;
			sourceTree = "<group>";
		};
		ED4A71A51C56226D000094F1 /* CFNetwork */ = {
			isa = PBXGroup;
			children = (
				EDF09D001C5648B600B11970 /* cfnetworkVC.h */,
				EDF09D011C5648B600B11970 /* cfnetworkVC.m */,
			);
			name = CFNetwork;
			sourceTree = "<group>";
		};
		ED4A71A61C570817000094F1 /* viewcontroller */ = {
			isa = PBXGroup;
			children = (
				ED4A71A71C57089A000094F1 /* ZBookshelfViewController.h */,
				ED4A71A81C57089A000094F1 /* ZBookshelfViewController.m */,
				ED835AE71C574EAC00F0BCFD /* ZBookInfoViewController.h */,
				ED835AE81C574EAC00F0BCFD /* ZBookInfoViewController.m */,
				ED835AEE1C5760C900F0BCFD /* ZMainViewController.h */,
				ED835AEF1C5760C900F0BCFD /* ZMainViewController.m */,
				ED835AF11C57627E00F0BCFD /* ZBookLibraryViewController.h */,
				ED835AF21C57627E00F0BCFD /* ZBookLibraryViewController.m */,
				ED835AF41C57651800F0BCFD /* ZBookContentViewController.h */,
				ED835AF51C57651800F0BCFD /* ZBookContentViewController.m */,
			);
			name = viewcontroller;
			sourceTree = "<group>";
		};
		ED4A71AA1C570D88000094F1 /* cell */ = {
			isa = PBXGroup;
			children = (
				ED4A71AB1C570DA5000094F1 /* ZBookshelfCell.h */,
				ED4A71AC1C570DA5000094F1 /* ZBookshelfCell.m */,
			);
			name = cell;
			sourceTree = "<group>";
		};
		ED4A71AE1C57142B000094F1 /* view */ = {
			isa = PBXGroup;
			children = (
				ED4A71AF1C571455000094F1 /* ZBookshelfSupplementaryView.h */,
				ED4A71B01C571455000094F1 /* ZBookshelfSupplementaryView.m */,
			);
			name = view;
			sourceTree = "<group>";
		};
		ED4A71B21C571878000094F1 /* model */ = {
			isa = PBXGroup;
			children = (
				ED4A71B31C571894000094F1 /* ZBookInfo.h */,
				ED4A71B41C571894000094F1 /* ZBookInfo.m */,
				ED4A71BA1C57205B000094F1 /* ZModel.h */,
				ED4A71BB1C57205B000094F1 /* ZModel.m */,
			);
			name = model;
			sourceTree = "<group>";
		};
		ED4A71B61C571FFF000094F1 /* manager */ = {
			isa = PBXGroup;
			children = (
				ED4A71B71C57202D000094F1 /* ZBookManager.h */,
				ED4A71B81C57202D000094F1 /* ZBookManager.m */,
				ED4A71C21C5723A1000094F1 /* ZDBManager.h */,
				ED4A71C31C5723A1000094F1 /* ZDBManager.m */,
				ED835AE41C5726DD00F0BCFD /* ZTCPManager.h */,
				ED835AE51C5726DD00F0BCFD /* ZTCPManager.m */,
			);
			name = manager;
			sourceTree = "<group>";
		};
		ED4A71BD1C57225F000094F1 /* enum */ = {
			isa = PBXGroup;
			children = (
				ED4A71BE1C572282000094F1 /* enum.h */,
			);
			name = enum;
			sourceTree = "<group>";
		};
		ED4A71BF1C572343000094F1 /* framework */ = {
			isa = PBXGroup;
			children = (
				ED4A71C01C572375000094F1 /* FMDatabase.framework */,
				ED53BE101BE382F50033A666 /* libsqlite3.0.dylib */,
				ED5A77791C4CDC2E009038E2 /* Masonry.framework */,
				ED9779011C3152500078C174 /* Photos.framework */,
				ED24C6C51C2D3EB9001103D8 /* AssetsLibrary.framework */,
			);
			name = framework;
			sourceTree = "<group>";
		};
		ED5AFB781BD0B76D00612E3C /* Resources */ = {
			isa = PBXGroup;
			children = (
				ED5A777B1C4CDDB3009038E2 /* MISToolbarAdd@2x.png */,
				ED5A777C1C4CDDB3009038E2 /* MISToolbarVoice@2x.png */,
				ED7042C61BD9E65200FED349 /* test.txt */,
				ED5AFB791BD0B76D00612E3C /* MISAskAddFile@2x.png */,
			);
			path = Resources;
			sourceTree = "<group>";
		};
		ED602A401BC4CD9E00DB1A3B /* sql */ = {
			isa = PBXGroup;
			children = (
				ED602A411BC4CDCF00DB1A3B /* Dao.h */,
				ED602A421BC4CDCF00DB1A3B /* Dao.m */,
			);
			path = sql;
			sourceTree = "<group>";
		};
		ED835AEA1C575CE800F0BCFD /* util */ = {
			isa = PBXGroup;
			children = (
				ED835AEB1C575CF900F0BCFD /* ZUtil.h */,
				ED835AEC1C575CF900F0BCFD /* ZUtil.m */,
				ED7296D21C57B332006B9BAD /* prefix.pch */,
				ED7296D61C57BC80006B9BAD /* ZConstant.h */,
			);
			name = util;
			sourceTree = "<group>";
		};
		EDB229751C51CB1800D4E50C /* message */ = {
			isa = PBXGroup;
			children = (
				EDB229761C51CB5E00D4E50C /* ZMessageManager.h */,
				EDB229771C51CB5E00D4E50C /* ZMessageManager.m */,
			);
			name = message;
			sourceTree = "<group>";
		};
		EDB229791C51CFB300D4E50C /* db */ = {
			isa = PBXGroup;
			children = (
			);
			name = db;
			sourceTree = "<group>";
		};
		EDB2297A1C51CFBF00D4E50C /* mydb */ = {
			isa = PBXGroup;
			children = (
			);
			name = mydb;
			sourceTree = "<group>";
		};
		EDB2297B1C51CFCB00D4E50C /* tcp */ = {
			isa = PBXGroup;
			children = (
			);
			name = tcp;
			sourceTree = "<group>";
		};
		EDB2297C1C51CFD100D4E50C /* http */ = {
			isa = PBXGroup;
			children = (
			);
			name = http;
			sourceTree = "<group>";
		};
		EDD3439F1BC6879D00204C80 /* net */ = {
			isa = PBXGroup;
			children = (
				EDD343A01BC6879D00204C80 /* ClientServer.h */,
				EDD343A11BC6879D00204C80 /* ClientServer.m */,
			);
			path = net;
			sourceTree = "<group>";
		};
		EDF09CFF1C5641CD00B11970 /* socket */ = {
			isa = PBXGroup;
			children = (
				ED00794F1C0EAA4700B87D99 /* SimpleClientSocket.h */,
				ED0079501C0EAA4700B87D99 /* SimpleClientSocket.m */,
			);
			name = socket;
			sourceTree = "<group>";
		};
		EDFCA7321BB1734F00AF49EA = {
			isa = PBXGroup;
			children = (
				ED4A71BF1C572343000094F1 /* framework */,
				ED5AFB781BD0B76D00612E3C /* Resources */,
				EDD343A61BC6C1D300204C80 /* test.txt */,
				ED571E391BD735DC007D5B66 /* Regx.h */,
				ED571E3A1BD735DC007D5B66 /* Regx.m */,
				EDFCA73D1BB1734F00AF49EA /* app_demo */,
				EDFCA7571BB1734F00AF49EA /* app_demoTests */,
				EDFCA73C1BB1734F00AF49EA /* Products */,
			);
			sourceTree = "<group>";
		};
		EDFCA73C1BB1734F00AF49EA /* Products */ = {
			isa = PBXGroup;
			children = (
				EDFCA73B1BB1734F00AF49EA /* app_demo.app */,
				EDFCA7541BB1734F00AF49EA /* app_demoTests.xctest */,
			);
			name = Products;
			sourceTree = "<group>";
		};
		EDFCA73D1BB1734F00AF49EA /* app_demo */ = {
			isa = PBXGroup;
			children = (
				ED835AEA1C575CE800F0BCFD /* util */,
				ED4A71BD1C57225F000094F1 /* enum */,
				ED4A71B61C571FFF000094F1 /* manager */,
				ED4A71B21C571878000094F1 /* model */,
				ED4A71AE1C57142B000094F1 /* view */,
				ED4A71AA1C570D88000094F1 /* cell */,
				ED4A71A61C570817000094F1 /* viewcontroller */,
				EDF09CFF1C5641CD00B11970 /* socket */,
				ED4A71A51C56226D000094F1 /* CFNetwork */,
				ED4A71A11C560DA2000094F1 /* gcdsocket */,
				EDB2297C1C51CFD100D4E50C /* http */,
				EDB2297B1C51CFCB00D4E50C /* tcp */,
				EDB2297A1C51CFBF00D4E50C /* mydb */,
				EDB229791C51CFB300D4E50C /* db */,
				EDB229751C51CB1800D4E50C /* message */,
				ED00794C1C0E907300B87D99 /* SkViewController.h */,
				ED00794D1C0E907300B87D99 /* SkViewController.m */,
				ED0079521C0ED8AE00B87D99 /* SimpleServerSocket.h */,
				ED0079531C0ED8AE00B87D99 /* SimpleServerSocket.m */,
				ED0078FB1C0BEE3D00B87D99 /* CommentTextView.h */,
				ED0078FC1C0BEE3D00B87D99 /* CommentTextView.m */,
				ED0078FE1C0D4EFE00B87D99 /* AdViewController.h */,
				ED0078FF1C0D4EFE00B87D99 /* AdViewController.m */,
				ED8C29501C02EDCD00778A08 /* CommentCell.h */,
				ED8C29511C02EDCD00778A08 /* CommentCell.m */,
				ED8C294D1C02AE6D00778A08 /* Comment.h */,
				ED8C294E1C02AE6D00778A08 /* Comment.m */,
				EDD21A691BDE505300A611A5 /* Buff.h */,
				EDD21A6A1BDE505300A611A5 /* Buff.m */,
				EDD3439F1BC6879D00204C80 /* net */,
				ED602A401BC4CD9E00DB1A3B /* sql */,
				EDB293D01BC1062700290C56 /* UTF8FileParser.h */,
				EDB293D11BC1062700290C56 /* UTF8FileParser.m */,
				EDFFE2BA1BDE0EF200944745 /* Pagination.h */,
				EDFFE2BB1BDE0EF200944745 /* Pagination.m */,
				EDD363E41BC0FB43008CD9AC /* UITouchScrollView.h */,
				EDD363E51BC0FB43008CD9AC /* UITouchScrollView.m */,
				EDD38DF31BB7F75E001878DC /* UIImage+UIColor.h */,
				EDD38DF41BB7F75E001878DC /* UIImage+UIColor.m */,
				EDBA42201BB39162004B9A62 /* AppBookView.h */,
				EDBA42211BB39162004B9A62 /* AppBookView.m */,
				EDBA422B1BB3A257004B9A62 /* AppConfig.h */,
				EDFCA7421BB1734F00AF49EA /* AppDelegate.h */,
				EDFCA7431BB1734F00AF49EA /* AppDelegate.m */,
				EDD38DEE1BB7BA41001878DC /* AppLabel.h */,
				EDD38DEF1BB7BA41001878DC /* AppLabel.m */,
				EDBA42351BB3EDDD004B9A62 /* AppUtils.h */,
				EDBA42361BB3EDDD004B9A62 /* AppUtils.m */,
				EDFCA73E1BB1734F00AF49EA /* Supporting Files */,
				EDFCA7451BB1734F00AF49EA /* ViewController.h */,
				EDFCA7461BB1734F00AF49EA /* ViewController.m */,
				ED5AF7E01BCE461300612E3C /* AppMainViewController.h */,
				ED5AF7E11BCE461300612E3C /* AppMainViewController.m */,
				ED5589151BECDEC2004A1A9F /* DB.h */,
				ED5589161BECDEC2004A1A9F /* DB.m */,
				ED5AF7E91BCF5E9600612E3C /* AppTableViewCell.h */,
				ED5AF7EA1BCF5E9600612E3C /* AppTableViewCell.m */,
				ED5AF7E31BCE466800612E3C /* AppHomeViewController.h */,
				ED5AF7E41BCE466800612E3C /* AppHomeViewController.m */,
				ED5AF7EC1BCFA61600612E3C /* DemoLabel.h */,
				ED5AF7ED1BCFA61600612E3C /* DemoLabel.m */,
				ED5AF7E61BCE47A800612E3C /* AppFindBookViewController.h */,
				ED5AF7E71BCE47A800612E3C /* AppFindBookViewController.m */,
				EDD38DF71BB80FEF001878DC /* UILabel+VerticalAlign.h */,
				EDD38DF81BB80FEF001878DC /* UILabel+VerticalAlign.m */,
				EDC6AC681BE1BE6A00693B94 /* CheckboxWithTitle.h */,
				EDC6AC691BE1BE6A00693B94 /* CheckboxWithTitle.m */,
				EDC6ACE61BE3144900693B94 /* ContentViewController.h */,
				EDC6ACE71BE3144900693B94 /* ContentViewController.m */,
				ED53BE151BE459E10033A666 /* CommentViewController.h */,
				ED53BE161BE459E10033A666 /* CommentViewController.m */,
				ED53BE181BE45AF00033A666 /* Book.h */,
				ED53BE191BE45AF00033A666 /* Book.m */,
				ED53BE121BE452EC0033A666 /* Animationdemo.h */,
				ED53BE131BE452EC0033A666 /* Animationdemo.m */,
				ED53BE1B1BE4CB040033A666 /* TWFXToolBarViewController.h */,
				ED53BE1C1BE4CB040033A666 /* TWFXToolBarViewController.m */,
				EDD04CE21BEDAC3100058BB6 /* BookMark.h */,
				EDD04CE31BEDAC3100058BB6 /* BookMark.m */,
				ED0079781C113A0400B87D99 /* EmojiViewController.h */,
				ED0079791C113A0400B87D99 /* EmojiViewController.m */,
				ED007A5F1C1FAE1900B87D99 /* ZAlertView.h */,
				ED007A601C1FAE1900B87D99 /* ZAlertView.m */,
				ED007A621C1FAF6300B87D99 /* AlertViewController.h */,
				ED007A631C1FAF6300B87D99 /* AlertViewController.m */,
				ED24C6A61C2B8276001103D8 /* MSViewController.h */,
				ED24C6A71C2B8276001103D8 /* MSViewController.m */,
				ED24C6C21C2D3DD9001103D8 /* ZImagePickerController.h */,
				ED24C6C31C2D3DD9001103D8 /* ZImagePickerController.m */,
				ED58E7DA1C3110E900247997 /* ZSelectImageView.h */,
				ED58E7DB1C3110E900247997 /* ZSelectImageView.m */,
				ED5A77731C4CD5E4009038E2 /* ZMessageViewController.h */,
				ED5A77741C4CD5E4009038E2 /* ZMessageViewController.m */,
				ED5A77761C4CD6EC009038E2 /* ZMessageInputView.h */,
				ED5A77771C4CD6EC009038E2 /* ZMessageInputView.m */,
				ED5A777F1C4CE47F009038E2 /* ZGrowingTextView.h */,
				ED5A77801C4CE47F009038E2 /* ZGrowingTextView.m */,
				ED5A77821C4CEEA5009038E2 /* UIView+ZFrame.h */,
				ED5A77831C4CEEA5009038E2 /* UIView+ZFrame.m */,
				ED5A77851C4CF3F4009038E2 /* testvc.h */,
				ED5A77861C4CF3F4009038E2 /* testvc.m */,
				ED5A77981C4F2420009038E2 /* backup.h */,
				ED5A77991C4F2420009038E2 /* backup.m */,
				ED5A779B1C4F2EE4009038E2 /* ZMessageService.h */,
				ED5A779C1C4F2EE4009038E2 /* ZMessageService.m */,
				ED5A779E1C4F300B009038E2 /* ZMessageModel.h */,
				ED5A779F1C4F300B009038E2 /* ZMessageModel.m */,
				ED5A77A11C4F325A009038E2 /* ZMessageList.h */,
				ED5A77A21C4F325A009038E2 /* ZMessageList.m */,
				ED5A77A41C4F33A6009038E2 /* ZMessageSession.h */,
				ED5A77A51C4F33A6009038E2 /* ZMessageSession.m */,
				ED5A77A71C4F5191009038E2 /* ZMessageDataSource.h */,
				ED5A77A81C4F5191009038E2 /* ZMessageDataSource.m */,
				ED5A77AA1C4F6901009038E2 /* ZMessageCell.h */,
				ED5A77AB1C4F6901009038E2 /* ZMessageCell.m */,
				EDE465E71C4FE4BF00C58727 /* ZTextView.h */,
				EDE465E81C4FE4BF00C58727 /* ZTextView.m */,
			);
			path = app_demo;
			sourceTree = "<group>";
		};
		EDFCA73E1BB1734F00AF49EA /* Supporting Files */ = {
			isa = PBXGroup;
			children = (
				EDFCA73F1BB1734F00AF49EA /* Info.plist */,
				EDFCA7401BB1734F00AF49EA /* main.m */,
			);
			name = "Supporting Files";
			sourceTree = "<group>";
		};
		EDFCA7571BB1734F00AF49EA /* app_demoTests */ = {
			isa = PBXGroup;
			children = (
				EDFCA75A1BB1734F00AF49EA /* app_demoTests.m */,
				EDFCA7581BB1734F00AF49EA /* Supporting Files */,
			);
			path = app_demoTests;
			sourceTree = "<group>";
		};
		EDFCA7581BB1734F00AF49EA /* Supporting Files */ = {
			isa = PBXGroup;
			children = (
				EDFCA7591BB1734F00AF49EA /* Info.plist */,
			);
			name = "Supporting Files";
			sourceTree = "<group>";
		};
/* End PBXGroup section */

/* Begin PBXNativeTarget section */
		EDFCA73A1BB1734F00AF49EA /* app_demo */ = {
			isa = PBXNativeTarget;
			buildConfigurationList = EDFCA75E1BB1734F00AF49EA /* Build configuration list for PBXNativeTarget "app_demo" */;
			buildPhases = (
				EDFCA7371BB1734F00AF49EA /* Sources */,
				EDFCA7381BB1734F00AF49EA /* Frameworks */,
				EDFCA7391BB1734F00AF49EA /* Resources */,
			);
			buildRules = (
			);
			dependencies = (
			);
			name = app_demo;
			productName = app_demo;
			productReference = EDFCA73B1BB1734F00AF49EA /* app_demo.app */;
			productType = "com.apple.product-type.application";
		};
		EDFCA7531BB1734F00AF49EA /* app_demoTests */ = {
			isa = PBXNativeTarget;
			buildConfigurationList = EDFCA7611BB1734F00AF49EA /* Build configuration list for PBXNativeTarget "app_demoTests" */;
			buildPhases = (
				EDFCA7501BB1734F00AF49EA /* Sources */,
				EDFCA7511BB1734F00AF49EA /* Frameworks */,
				EDFCA7521BB1734F00AF49EA /* Resources */,
			);
			buildRules = (
			);
			dependencies = (
				EDFCA7561BB1734F00AF49EA /* PBXTargetDependency */,
			);
			name = app_demoTests;
			productName = app_demoTests;
			productReference = EDFCA7541BB1734F00AF49EA /* app_demoTests.xctest */;
			productType = "com.apple.product-type.bundle.unit-test";
		};
/* End PBXNativeTarget section */

/* Begin PBXProject section */
		EDFCA7331BB1734F00AF49EA /* Project object */ = {
			isa = PBXProject;
			attributes = {
				LastUpgradeCheck = 0630;
				ORGANIZATIONNAME = "张新伟";
				TargetAttributes = {
					EDFCA73A1BB1734F00AF49EA = {
						CreatedOnToolsVersion = 6.3.2;
					};
					EDFCA7531BB1734F00AF49EA = {
						CreatedOnToolsVersion = 6.3.2;
						TestTargetID = EDFCA73A1BB1734F00AF49EA;
					};
				};
			};
			buildConfigurationList = EDFCA7361BB1734F00AF49EA /* Build configuration list for PBXProject "app_demo" */;
			compatibilityVersion = "Xcode 3.2";
			developmentRegion = English;
			hasScannedForEncodings = 0;
			knownRegions = (
				en,
				Base,
			);
			mainGroup = EDFCA7321BB1734F00AF49EA;
			productRefGroup = EDFCA73C1BB1734F00AF49EA /* Products */;
			projectDirPath = "";
			projectRoot = "";
			targets = (
				EDFCA73A1BB1734F00AF49EA /* app_demo */,
				EDFCA7531BB1734F00AF49EA /* app_demoTests */,
			);
		};
/* End PBXProject section */

/* Begin PBXResourcesBuildPhase section */
		EDFCA7391BB1734F00AF49EA /* Resources */ = {
			isa = PBXResourcesBuildPhase;
			buildActionMask = 2147483647;
			files = (
				ED5AFC5B1BD0B76E00612E3C /* MISAskAddFile@2x.png in Resources */,
				ED7042C71BD9E65200FED349 /* test.txt in Resources */,
				ED5A777E1C4CDDB3009038E2 /* MISToolbarVoice@2x.png in Resources */,
				ED5A777D1C4CDDB3009038E2 /* MISToolbarAdd@2x.png in Resources */,
				EDD343A71BC6C1D300204C80 /* test.txt in Resources */,
			);
			runOnlyForDeploymentPostprocessing = 0;
		};
		EDFCA7521BB1734F00AF49EA /* Resources */ = {
			isa = PBXResourcesBuildPhase;
			buildActionMask = 2147483647;
			files = (
			);
			runOnlyForDeploymentPostprocessing = 0;
		};
/* End PBXResourcesBuildPhase section */

/* Begin PBXSourcesBuildPhase section */
		EDFCA7371BB1734F00AF49EA /* Sources */ = {
			isa = PBXSourcesBuildPhase;
			buildActionMask = 2147483647;
			files = (
				ED00794E1C0E907300B87D99 /* SkViewController.m in Sources */,
				ED4A71AD1C570DA5000094F1 /* ZBookshelfCell.m in Sources */,
				ED835AE61C5726DD00F0BCFD /* ZTCPManager.m in Sources */,
				ED4A71C41C5723A1000094F1 /* ZDBManager.m in Sources */,
				ED58E7DC1C3110E900247997 /* ZSelectImageView.m in Sources */,
				ED53BE1A1BE45AF00033A666 /* Book.m in Sources */,
				ED53BE141BE452EC0033A666 /* Animationdemo.m in Sources */,
				EDE465E91C4FE4BF00C58727 /* ZTextView.m in Sources */,
				EDD21A6B1BDE505300A611A5 /* Buff.m in Sources */,
				ED5A77A91C4F5191009038E2 /* ZMessageDataSource.m in Sources */,
				ED53BE1D1BE4CB040033A666 /* TWFXToolBarViewController.m in Sources */,
				ED007A641C1FAF6300B87D99 /* AlertViewController.m in Sources */,
				EDBA42221BB39162004B9A62 /* AppBookView.m in Sources */,
				ED5A77841C4CEEA5009038E2 /* UIView+ZFrame.m in Sources */,
				EDD38DF61BB7F75E001878DC /* UIImage+UIColor.m in Sources */,
				ED5A77751C4CD5E4009038E2 /* ZMessageViewController.m in Sources */,
				ED0078FD1C0BEE3D00B87D99 /* CommentTextView.m in Sources */,
				ED5A77781C4CD6EC009038E2 /* ZMessageInputView.m in Sources */,
				ED835AF31C57627E00F0BCFD /* ZBookLibraryViewController.m in Sources */,
				ED5A779A1C4F2420009038E2 /* backup.m in Sources */,
				ED5AF7EE1BCFA61600612E3C /* DemoLabel.m in Sources */,
				EDFCA7471BB1734F00AF49EA /* ViewController.m in Sources */,
				EDD38DF01BB7BA41001878DC /* AppLabel.m in Sources */,
				EDFFE2BC1BDE0EF200944745 /* Pagination.m in Sources */,
				ED835AF61C57651800F0BCFD /* ZBookContentViewController.m in Sources */,
				ED4A71B91C57202D000094F1 /* ZBookManager.m in Sources */,
				ED5A77811C4CE47F009038E2 /* ZGrowingTextView.m in Sources */,
				ED5A77A61C4F33A6009038E2 /* ZMessageSession.m in Sources */,
				ED4A71B11C571455000094F1 /* ZBookshelfSupplementaryView.m in Sources */,
				ED8C294F1C02AE6D00778A08 /* Comment.m in Sources */,
				EDFCA7441BB1734F00AF49EA /* AppDelegate.m in Sources */,
				ED5A77871C4CF3F4009038E2 /* testvc.m in Sources */,
				EDB293D21BC1062700290C56 /* UTF8FileParser.m in Sources */,
				ED00797A1C113A0400B87D99 /* EmojiViewController.m in Sources */,
				ED5A77AC1C4F6901009038E2 /* ZMessageCell.m in Sources */,
				ED007A611C1FAE1900B87D99 /* ZAlertView.m in Sources */,
				EDB229781C51CB5E00D4E50C /* ZMessageManager.m in Sources */,
				ED8C29521C02EDCE00778A08 /* CommentCell.m in Sources */,
				EDC6AC6A1BE1BE6A00693B94 /* CheckboxWithTitle.m in Sources */,
				EDFCA7411BB1734F00AF49EA /* main.m in Sources */,
				ED5A779D1C4F2EE4009038E2 /* ZMessageService.m in Sources */,
				EDF09D021C5648B600B11970 /* cfnetworkVC.m in Sources */,
				ED0079001C0D4EFE00B87D99 /* AdViewController.m in Sources */,
				ED53BE171BE459E10033A666 /* CommentViewController.m in Sources */,
				ED835AED1C575CF900F0BCFD /* ZUtil.m in Sources */,
				ED5AF7EB1BCF5E9600612E3C /* AppTableViewCell.m in Sources */,
				ED4A71B51C571894000094F1 /* ZBookInfo.m in Sources */,
				EDD38DF91BB80FEF001878DC /* UILabel+VerticalAlign.m in Sources */,
				ED835AF01C5760C900F0BCFD /* ZMainViewController.m in Sources */,
				EDD343A21BC6879D00204C80 /* ClientServer.m in Sources */,
				ED24C6C41C2D3DD9001103D8 /* ZImagePickerController.m in Sources */,
				ED4A71A41C560DDE000094F1 /* GCDAsyncSocket.m in Sources */,
				ED0079541C0ED8AE00B87D99 /* SimpleServerSocket.m in Sources */,
				ED4A71A91C57089A000094F1 /* ZBookshelfViewController.m in Sources */,
				ED5AF7E51BCE466800612E3C /* AppHomeViewController.m in Sources */,
				ED4A71BC1C57205B000094F1 /* ZModel.m in Sources */,
				ED835AE91C574EAC00F0BCFD /* ZBookInfoViewController.m in Sources */,
				ED602A431BC4CDCF00DB1A3B /* Dao.m in Sources */,
				ED571E3B1BD735DC007D5B66 /* Regx.m in Sources */,
				ED5AF7E21BCE461300612E3C /* AppMainViewController.m in Sources */,
				ED0079511C0EAA4700B87D99 /* SimpleClientSocket.m in Sources */,
				ED5A77A01C4F300B009038E2 /* ZMessageModel.m in Sources */,
				ED5A77A31C4F325A009038E2 /* ZMessageList.m in Sources */,
				EDC6ACE81BE3144900693B94 /* ContentViewController.m in Sources */,
				EDD04CE41BEDAC3100058BB6 /* BookMark.m in Sources */,
				ED24C6A81C2B8276001103D8 /* MSViewController.m in Sources */,
				ED5589171BECDEC2004A1A9F /* DB.m in Sources */,
				ED5AF7E81BCE47A800612E3C /* AppFindBookViewController.m in Sources */,
				EDBA42371BB3EDDD004B9A62 /* AppUtils.m in Sources */,
				EDD363E61BC0FB43008CD9AC /* UITouchScrollView.m in Sources */,
			);
			runOnlyForDeploymentPostprocessing = 0;
		};
		EDFCA7501BB1734F00AF49EA /* Sources */ = {
			isa = PBXSourcesBuildPhase;
			buildActionMask = 2147483647;
			files = (
				EDFCA75B1BB1734F00AF49EA /* app_demoTests.m in Sources */,
			);
			runOnlyForDeploymentPostprocessing = 0;
		};
/* End PBXSourcesBuildPhase section */

/* Begin PBXTargetDependency section */
		EDFCA7561BB1734F00AF49EA /* PBXTargetDependency */ = {
			isa = PBXTargetDependency;
			target = EDFCA73A1BB1734F00AF49EA /* app_demo */;
			targetProxy = EDFCA7551BB1734F00AF49EA /* PBXContainerItemProxy */;
		};
/* End PBXTargetDependency section */

/* Begin XCBuildConfiguration section */
		EDFCA75C1BB1734F00AF49EA /* Debug */ = {
			isa = XCBuildConfiguration;
			buildSettings = {
				ALWAYS_SEARCH_USER_PATHS = NO;
				CLANG_CXX_LANGUAGE_STANDARD = "gnu++0x";
				CLANG_CXX_LIBRARY = "libc++";
				CLANG_ENABLE_MODULES = YES;
				CLANG_ENABLE_OBJC_ARC = YES;
				CLANG_WARN_BOOL_CONVERSION = YES;
				CLANG_WARN_CONSTANT_CONVERSION = YES;
				CLANG_WARN_DIRECT_OBJC_ISA_USAGE = YES_ERROR;
				CLANG_WARN_EMPTY_BODY = YES;
				CLANG_WARN_ENUM_CONVERSION = YES;
				CLANG_WARN_INT_CONVERSION = YES;
				CLANG_WARN_OBJC_ROOT_CLASS = YES_ERROR;
				CLANG_WARN_UNREACHABLE_CODE = YES;
				CLANG_WARN__DUPLICATE_METHOD_MATCH = YES;
				"CODE_SIGN_IDENTITY[sdk=iphoneos*]" = "iPhone Developer";
				COPY_PHASE_STRIP = NO;
				DEBUG_INFORMATION_FORMAT = "dwarf-with-dsym";
				ENABLE_STRICT_OBJC_MSGSEND = YES;
				GCC_C_LANGUAGE_STANDARD = gnu99;
				GCC_DYNAMIC_NO_PIC = NO;
				GCC_NO_COMMON_BLOCKS = YES;
				GCC_OPTIMIZATION_LEVEL = 0;
				GCC_PREPROCESSOR_DEFINITIONS = (
					"DEBUG=1",
					"$(inherited)",
				);
				GCC_SYMBOLS_PRIVATE_EXTERN = NO;
				GCC_WARN_64_TO_32_BIT_CONVERSION = YES;
				GCC_WARN_ABOUT_RETURN_TYPE = YES_ERROR;
				GCC_WARN_UNDECLARED_SELECTOR = YES;
				GCC_WARN_UNINITIALIZED_AUTOS = YES_AGGRESSIVE;
				GCC_WARN_UNUSED_FUNCTION = YES;
				GCC_WARN_UNUSED_VARIABLE = YES;
				IPHONEOS_DEPLOYMENT_TARGET = 7.1;
				LD_GENERATE_MAP_FILE = YES;
				MTL_ENABLE_DEBUG_INFO = YES;
				ONLY_ACTIVE_ARCH = YES;
				SDKROOT = iphoneos;
				TARGETED_DEVICE_FAMILY = "1,2";
			};
			name = Debug;
		};
		EDFCA75D1BB1734F00AF49EA /* Release */ = {
			isa = XCBuildConfiguration;
			buildSettings = {
				ALWAYS_SEARCH_USER_PATHS = NO;
				CLANG_CXX_LANGUAGE_STANDARD = "gnu++0x";
				CLANG_CXX_LIBRARY = "libc++";
				CLANG_ENABLE_MODULES = YES;
				CLANG_ENABLE_OBJC_ARC = YES;
				CLANG_WARN_BOOL_CONVERSION = YES;
				CLANG_WARN_CONSTANT_CONVERSION = YES;
				CLANG_WARN_DIRECT_OBJC_ISA_USAGE = YES_ERROR;
				CLANG_WARN_EMPTY_BODY = YES;
				CLANG_WARN_ENUM_CONVERSION = YES;
				CLANG_WARN_INT_CONVERSION = YES;
				CLANG_WARN_OBJC_ROOT_CLASS = YES_ERROR;
				CLANG_WARN_UNREACHABLE_CODE = YES;
				CLANG_WARN__DUPLICATE_METHOD_MATCH = YES;
				"CODE_SIGN_IDENTITY[sdk=iphoneos*]" = "iPhone Developer";
				COPY_PHASE_STRIP = NO;
				DEBUG_INFORMATION_FORMAT = "dwarf-with-dsym";
				ENABLE_NS_ASSERTIONS = NO;
				ENABLE_STRICT_OBJC_MSGSEND = YES;
				GCC_C_LANGUAGE_STANDARD = gnu99;
				GCC_NO_COMMON_BLOCKS = YES;
				GCC_WARN_64_TO_32_BIT_CONVERSION = YES;
				GCC_WARN_ABOUT_RETURN_TYPE = YES_ERROR;
				GCC_WARN_UNDECLARED_SELECTOR = YES;
				GCC_WARN_UNINITIALIZED_AUTOS = YES_AGGRESSIVE;
				GCC_WARN_UNUSED_FUNCTION = YES;
				GCC_WARN_UNUSED_VARIABLE = YES;
				IPHONEOS_DEPLOYMENT_TARGET = 7.1;
				LD_GENERATE_MAP_FILE = YES;
				MTL_ENABLE_DEBUG_INFO = NO;
				SDKROOT = iphoneos;
				TARGETED_DEVICE_FAMILY = "1,2";
				VALIDATE_PRODUCT = YES;
			};
			name = Release;
		};
		EDFCA75F1BB1734F00AF49EA /* Debug */ = {
			isa = XCBuildConfiguration;
			buildSettings = {
				ASSETCATALOG_COMPILER_APPICON_NAME = AppIcon;
				"CODE_SIGN_IDENTITY[sdk=iphoneos*]" = "iPhone Developer";
				FRAMEWORK_SEARCH_PATHS = (
					"$(inherited)",
					"$(PROJECT_DIR)",
				);
				GCC_PREFIX_HEADER = "$(PROJECT_NAME)/prefix.pch";
				INFOPLIST_FILE = app_demo/Info.plist;
				LD_RUNPATH_SEARCH_PATHS = "$(inherited) @executable_path/Frameworks";
				PRODUCT_NAME = "$(TARGET_NAME)";
				PROVISIONING_PROFILE = "";
			};
			name = Debug;
		};
		EDFCA7601BB1734F00AF49EA /* Release */ = {
			isa = XCBuildConfiguration;
			buildSettings = {
				ASSETCATALOG_COMPILER_APPICON_NAME = AppIcon;
				"CODE_SIGN_IDENTITY[sdk=iphoneos*]" = "iPhone Developer";
				FRAMEWORK_SEARCH_PATHS = (
					"$(inherited)",
					"$(PROJECT_DIR)",
				);
				GCC_PREFIX_HEADER = "$(PROJECT_NAME)/prefix.pch";
				INFOPLIST_FILE = app_demo/Info.plist;
				LD_RUNPATH_SEARCH_PATHS = "$(inherited) @executable_path/Frameworks";
				PRODUCT_NAME = "$(TARGET_NAME)";
				PROVISIONING_PROFILE = "";
			};
			name = Release;
		};
		EDFCA7621BB1734F00AF49EA /* Debug */ = {
			isa = XCBuildConfiguration;
			buildSettings = {
				BUNDLE_LOADER = "$(TEST_HOST)";
				FRAMEWORK_SEARCH_PATHS = (
					"$(SDKROOT)/Developer/Library/Frameworks",
					"$(inherited)",
				);
				GCC_PREPROCESSOR_DEFINITIONS = (
					"DEBUG=1",
					"$(inherited)",
				);
				INFOPLIST_FILE = app_demoTests/Info.plist;
				LD_RUNPATH_SEARCH_PATHS = "$(inherited) @executable_path/Frameworks @loader_path/Frameworks";
				PRODUCT_NAME = "$(TARGET_NAME)";
				TEST_HOST = "$(BUILT_PRODUCTS_DIR)/app_demo.app/app_demo";
			};
			name = Debug;
		};
		EDFCA7631BB1734F00AF49EA /* Release */ = {
			isa = XCBuildConfiguration;
			buildSettings = {
				BUNDLE_LOADER = "$(TEST_HOST)";
				FRAMEWORK_SEARCH_PATHS = (
					"$(SDKROOT)/Developer/Library/Frameworks",
					"$(inherited)",
				);
				INFOPLIST_FILE = app_demoTests/Info.plist;
				LD_RUNPATH_SEARCH_PATHS = "$(inherited) @executable_path/Frameworks @loader_path/Frameworks";
				PRODUCT_NAME = "$(TARGET_NAME)";
				TEST_HOST = "$(BUILT_PRODUCTS_DIR)/app_demo.app/app_demo";
			};
			name = Release;
		};
/* End XCBuildConfiguration section */

/* Begin XCConfigurationList section */
		EDFCA7361BB1734F00AF49EA /* Build configuration list for PBXProject "app_demo" */ = {
			isa = XCConfigurationList;
			buildConfigurations = (
				EDFCA75C1BB1734F00AF49EA /* Debug */,
				EDFCA75D1BB1734F00AF49EA /* Release */,
			);
			defaultConfigurationIsVisible = 0;
			defaultConfigurationName = Release;
		};
		EDFCA75E1BB1734F00AF49EA /* Build configuration list for PBXNativeTarget "app_demo" */ = {
			isa = XCConfigurationList;
			buildConfigurations = (
				EDFCA75F1BB1734F00AF49EA /* Debug */,
				EDFCA7601BB1734F00AF49EA /* Release */,
			);
			defaultConfigurationIsVisible = 0;
			defaultConfigurationName = Release;
		};
		EDFCA7611BB1734F00AF49EA /* Build configuration list for PBXNativeTarget "app_demoTests" */ = {
			isa = XCConfigurationList;
			buildConfigurations = (
				EDFCA7621BB1734F00AF49EA /* Debug */,
				EDFCA7631BB1734F00AF49EA /* Release */,
			);
			defaultConfigurationIsVisible = 0;
			defaultConfigurationName = Release;
		};
/* End XCConfigurationList section */
	};
	rootObject = EDFCA7331BB1734F00AF49EA /* Project object */;
}
