// !$*UTF8*$!
{
	archiveVersion = 1;
	classes = {
	};
	objectVersion = 46;
	objects = {

/* Begin PBXBuildFile section */
		ED53BE111BE382F50033A666 /* libsqlite3.0.dylib in Frameworks */ = {isa = PBXBuildFile; fileRef = ED53BE101BE382F50033A666 /* libsqlite3.0.dylib */; };
		ED53BE141BE452EC0033A666 /* Animationdemo.m in Sources */ = {isa = PBXBuildFile; fileRef = ED53BE131BE452EC0033A666 /* Animationdemo.m */; };
		ED53BE171BE459E10033A666 /* CommentViewController.m in Sources */ = {isa = PBXBuildFile; fileRef = ED53BE161BE459E10033A666 /* CommentViewController.m */; };
		ED53BE1A1BE45AF00033A666 /* Book.m in Sources */ = {isa = PBXBuildFile; fileRef = ED53BE191BE45AF00033A666 /* Book.m */; };
		ED53BE1D1BE4CB040033A666 /* TWFXToolBarViewController.m in Sources */ = {isa = PBXBuildFile; fileRef = ED53BE1C1BE4CB040033A666 /* TWFXToolBarViewController.m */; };
		ED5589171BECDEC2004A1A9F /* DB.m in Sources */ = {isa = PBXBuildFile; fileRef = ED5589161BECDEC2004A1A9F /* DB.m */; };
		ED571E3B1BD735DC007D5B66 /* Regx.m in Sources */ = {isa = PBXBuildFile; fileRef = ED571E3A1BD735DC007D5B66 /* Regx.m */; };
		ED5AF7E21BCE461300612E3C /* AppMainViewController.m in Sources */ = {isa = PBXBuildFile; fileRef = ED5AF7E11BCE461300612E3C /* AppMainViewController.m */; };
		ED5AF7E51BCE466800612E3C /* AppHomeViewController.m in Sources */ = {isa = PBXBuildFile; fileRef = ED5AF7E41BCE466800612E3C /* AppHomeViewController.m */; };
		ED5AF7E81BCE47A800612E3C /* AppFindBookViewController.m in Sources */ = {isa = PBXBuildFile; fileRef = ED5AF7E71BCE47A800612E3C /* AppFindBookViewController.m */; };
		ED5AF7EB1BCF5E9600612E3C /* AppTableViewCell.m in Sources */ = {isa = PBXBuildFile; fileRef = ED5AF7EA1BCF5E9600612E3C /* AppTableViewCell.m */; };
		ED5AF7EE1BCFA61600612E3C /* DemoLabel.m in Sources */ = {isa = PBXBuildFile; fileRef = ED5AF7ED1BCFA61600612E3C /* DemoLabel.m */; };
		ED5AFC5B1BD0B76E00612E3C /* MISAskAddFile@2x.png in Resources */ = {isa = PBXBuildFile; fileRef = ED5AFB791BD0B76D00612E3C /* MISAskAddFile@2x.png */; };
		ED602A431BC4CDCF00DB1A3B /* Dao.m in Sources */ = {isa = PBXBuildFile; fileRef = ED602A421BC4CDCF00DB1A3B /* Dao.m */; };
		ED7042C71BD9E65200FED349 /* test.txt in Resources */ = {isa = PBXBuildFile; fileRef = ED7042C61BD9E65200FED349 /* test.txt */; };
		EDB293D21BC1062700290C56 /* UTF8FileParser.m in Sources */ = {isa = PBXBuildFile; fileRef = EDB293D11BC1062700290C56 /* UTF8FileParser.m */; };
		EDBA42221BB39162004B9A62 /* AppBookView.m in Sources */ = {isa = PBXBuildFile; fileRef = EDBA42211BB39162004B9A62 /* AppBookView.m */; };
		EDBA42371BB3EDDD004B9A62 /* AppUtils.m in Sources */ = {isa = PBXBuildFile; fileRef = EDBA42361BB3EDDD004B9A62 /* AppUtils.m */; };
		EDC6AC6A1BE1BE6A00693B94 /* CheckboxWithTitle.m in Sources */ = {isa = PBXBuildFile; fileRef = EDC6AC691BE1BE6A00693B94 /* CheckboxWithTitle.m */; };
		EDC6ACE81BE3144900693B94 /* ContentViewController.m in Sources */ = {isa = PBXBuildFile; fileRef = EDC6ACE71BE3144900693B94 /* ContentViewController.m */; };
		EDD04CE41BEDAC3100058BB6 /* BookMark.m in Sources */ = {isa = PBXBuildFile; fileRef = EDD04CE31BEDAC3100058BB6 /* BookMark.m */; };
		EDD21A6B1BDE505300A611A5 /* Buff.m in Sources */ = {isa = PBXBuildFile; fileRef = EDD21A6A1BDE505300A611A5 /* Buff.m */; };
		EDD343A21BC6879D00204C80 /* ClientServer.m in Sources */ = {isa = PBXBuildFile; fileRef = EDD343A11BC6879D00204C80 /* ClientServer.m */; };
		EDD343A71BC6C1D300204C80 /* test.txt in Resources */ = {isa = PBXBuildFile; fileRef = EDD343A61BC6C1D300204C80 /* test.txt */; };
		EDD363E61BC0FB43008CD9AC /* UITouchScrollView.m in Sources */ = {isa = PBXBuildFile; fileRef = EDD363E51BC0FB43008CD9AC /* UITouchScrollView.m */; };
		EDD38DF01BB7BA41001878DC /* AppLabel.m in Sources */ = {isa = PBXBuildFile; fileRef = EDD38DEF1BB7BA41001878DC /* AppLabel.m */; };
		EDD38DF61BB7F75E001878DC /* UIImage+UIColor.m in Sources */ = {isa = PBXBuildFile; fileRef = EDD38DF41BB7F75E001878DC /* UIImage+UIColor.m */; };
		EDD38DF91BB80FEF001878DC /* UILabel+VerticalAlign.m in Sources */ = {isa = PBXBuildFile; fileRef = EDD38DF81BB80FEF001878DC /* UILabel+VerticalAlign.m */; };
		EDFCA7411BB1734F00AF49EA /* main.m in Sources */ = {isa = PBXBuildFile; fileRef = EDFCA7401BB1734F00AF49EA /* main.m */; };
		EDFCA7441BB1734F00AF49EA /* AppDelegate.m in Sources */ = {isa = PBXBuildFile; fileRef = EDFCA7431BB1734F00AF49EA /* AppDelegate.m */; };
		EDFCA7471BB1734F00AF49EA /* ViewController.m in Sources */ = {isa = PBXBuildFile; fileRef = EDFCA7461BB1734F00AF49EA /* ViewController.m */; };
		EDFCA75B1BB1734F00AF49EA /* app_demoTests.m in Sources */ = {isa = PBXBuildFile; fileRef = EDFCA75A1BB1734F00AF49EA /* app_demoTests.m */; };
		EDFFE2BC1BDE0EF200944745 /* Pagination.m in Sources */ = {isa = PBXBuildFile; fileRef = EDFFE2BB1BDE0EF200944745 /* Pagination.m */; };
/* End PBXBuildFile section */

/* Begin PBXContainerItemProxy section */
		EDFCA7551BB1734F00AF49EA /* PBXContainerItemProxy */ = {
			isa = PBXContainerItemProxy;
			containerPortal = EDFCA7331BB1734F00AF49EA /* Project object */;
			proxyType = 1;
			remoteGlobalIDString = EDFCA73A1BB1734F00AF49EA;
			remoteInfo = app_demo;
		};
/* End PBXContainerItemProxy section */

/* Begin PBXFileReference section */
		ED53BE101BE382F50033A666 /* libsqlite3.0.dylib */ = {isa = PBXFileReference; lastKnownFileType = "compiled.mach-o.dylib"; name = libsqlite3.0.dylib; path = usr/lib/libsqlite3.0.dylib; sourceTree = SDKROOT; };
		ED53BE121BE452EC0033A666 /* Animationdemo.h */ = {isa = PBXFileReference; fileEncoding = 4; lastKnownFileType = sourcecode.c.h; path = Animationdemo.h; sourceTree = "<group>"; };
		ED53BE131BE452EC0033A666 /* Animationdemo.m */ = {isa = PBXFileReference; fileEncoding = 4; lastKnownFileType = sourcecode.c.objc; path = Animationdemo.m; sourceTree = "<group>"; };
		ED53BE151BE459E10033A666 /* CommentViewController.h */ = {isa = PBXFileReference; fileEncoding = 4; lastKnownFileType = sourcecode.c.h; path = CommentViewController.h; sourceTree = "<group>"; };
		ED53BE161BE459E10033A666 /* CommentViewController.m */ = {isa = PBXFileReference; fileEncoding = 4; lastKnownFileType = sourcecode.c.objc; path = CommentViewController.m; sourceTree = "<group>"; };
		ED53BE181BE45AF00033A666 /* Book.h */ = {isa = PBXFileReference; fileEncoding = 4; lastKnownFileType = sourcecode.c.h; path = Book.h; sourceTree = "<group>"; };
		ED53BE191BE45AF00033A666 /* Book.m */ = {isa = PBXFileReference; fileEncoding = 4; lastKnownFileType = sourcecode.c.objc; path = Book.m; sourceTree = "<group>"; };
		ED53BE1B1BE4CB040033A666 /* TWFXToolBarViewController.h */ = {isa = PBXFileReference; fileEncoding = 4; lastKnownFileType = sourcecode.c.h; path = TWFXToolBarViewController.h; sourceTree = "<group>"; };
		ED53BE1C1BE4CB040033A666 /* TWFXToolBarViewController.m */ = {isa = PBXFileReference; fileEncoding = 4; lastKnownFileType = sourcecode.c.objc; path = TWFXToolBarViewController.m; sourceTree = "<group>"; };
		ED5589151BECDEC2004A1A9F /* DB.h */ = {isa = PBXFileReference; fileEncoding = 4; lastKnownFileType = sourcecode.c.h; path = DB.h; sourceTree = "<group>"; };
		ED5589161BECDEC2004A1A9F /* DB.m */ = {isa = PBXFileReference; fileEncoding = 4; lastKnownFileType = sourcecode.c.objc; path = DB.m; sourceTree = "<group>"; };
		ED571E391BD735DC007D5B66 /* Regx.h */ = {isa = PBXFileReference; fileEncoding = 4; lastKnownFileType = sourcecode.c.h; path = Regx.h; sourceTree = "<group>"; };
		ED571E3A1BD735DC007D5B66 /* Regx.m */ = {isa = PBXFileReference; fileEncoding = 4; lastKnownFileType = sourcecode.c.objc; path = Regx.m; sourceTree = "<group>"; };
		ED5AF7E01BCE461300612E3C /* AppMainViewController.h */ = {isa = PBXFileReference; fileEncoding = 4; lastKnownFileType = sourcecode.c.h; path = AppMainViewController.h; sourceTree = "<group>"; };
		ED5AF7E11BCE461300612E3C /* AppMainViewController.m */ = {isa = PBXFileReference; fileEncoding = 4; lastKnownFileType = sourcecode.c.objc; path = AppMainViewController.m; sourceTree = "<group>"; };
		ED5AF7E31BCE466800612E3C /* AppHomeViewController.h */ = {isa = PBXFileReference; fileEncoding = 4; lastKnownFileType = sourcecode.c.h; path = AppHomeViewController.h; sourceTree = "<group>"; };
		ED5AF7E41BCE466800612E3C /* AppHomeViewController.m */ = {isa = PBXFileReference; fileEncoding = 4; lastKnownFileType = sourcecode.c.objc; path = AppHomeViewController.m; sourceTree = "<group>"; };
		ED5AF7E61BCE47A800612E3C /* AppFindBookViewController.h */ = {isa = PBXFileReference; fileEncoding = 4; lastKnownFileType = sourcecode.c.h; path = AppFindBookViewController.h; sourceTree = "<group>"; };
		ED5AF7E71BCE47A800612E3C /* AppFindBookViewController.m */ = {isa = PBXFileReference; fileEncoding = 4; lastKnownFileType = sourcecode.c.objc; path = AppFindBookViewController.m; sourceTree = "<group>"; };
		ED5AF7E91BCF5E9600612E3C /* AppTableViewCell.h */ = {isa = PBXFileReference; fileEncoding = 4; lastKnownFileType = sourcecode.c.h; path = AppTableViewCell.h; sourceTree = "<group>"; };
		ED5AF7EA1BCF5E9600612E3C /* AppTableViewCell.m */ = {isa = PBXFileReference; fileEncoding = 4; lastKnownFileType = sourcecode.c.objc; path = AppTableViewCell.m; sourceTree = "<group>"; };
		ED5AF7EC1BCFA61600612E3C /* DemoLabel.h */ = {isa = PBXFileReference; fileEncoding = 4; lastKnownFileType = sourcecode.c.h; path = DemoLabel.h; sourceTree = "<group>"; };
		ED5AF7ED1BCFA61600612E3C /* DemoLabel.m */ = {isa = PBXFileReference; fileEncoding = 4; lastKnownFileType = sourcecode.c.objc; path = DemoLabel.m; sourceTree = "<group>"; };
		ED5AFB791BD0B76D00612E3C /* MISAskAddFile@2x.png */ = {isa = PBXFileReference; lastKnownFileType = image.png; path = "MISAskAddFile@2x.png"; sourceTree = "<group>"; };
		ED602A411BC4CDCF00DB1A3B /* Dao.h */ = {isa = PBXFileReference; fileEncoding = 4; lastKnownFileType = sourcecode.c.h; path = Dao.h; sourceTree = "<group>"; };
		ED602A421BC4CDCF00DB1A3B /* Dao.m */ = {isa = PBXFileReference; fileEncoding = 4; lastKnownFileType = sourcecode.c.objc; path = Dao.m; sourceTree = "<group>"; };
		ED7042C61BD9E65200FED349 /* test.txt */ = {isa = PBXFileReference; fileEncoding = 4; lastKnownFileType = text; path = test.txt; sourceTree = "<group>"; };
		EDB293D01BC1062700290C56 /* UTF8FileParser.h */ = {isa = PBXFileReference; fileEncoding = 4; lastKnownFileType = sourcecode.c.h; path = UTF8FileParser.h; sourceTree = "<group>"; };
		EDB293D11BC1062700290C56 /* UTF8FileParser.m */ = {isa = PBXFileReference; fileEncoding = 4; lastKnownFileType = sourcecode.c.objc; path = UTF8FileParser.m; sourceTree = "<group>"; };
		EDBA42201BB39162004B9A62 /* AppBookView.h */ = {isa = PBXFileReference; fileEncoding = 4; lastKnownFileType = sourcecode.c.h; path = AppBookView.h; sourceTree = "<group>"; };
		EDBA42211BB39162004B9A62 /* AppBookView.m */ = {isa = PBXFileReference; fileEncoding = 4; lastKnownFileType = sourcecode.c.objc; path = AppBookView.m; sourceTree = "<group>"; };
		EDBA422B1BB3A257004B9A62 /* AppConfig.h */ = {isa = PBXFileReference; fileEncoding = 4; lastKnownFileType = sourcecode.c.h; path = AppConfig.h; sourceTree = "<group>"; };
		EDBA42351BB3EDDD004B9A62 /* AppUtils.h */ = {isa = PBXFileReference; fileEncoding = 4; lastKnownFileType = sourcecode.c.h; path = AppUtils.h; sourceTree = "<group>"; };
		EDBA42361BB3EDDD004B9A62 /* AppUtils.m */ = {isa = PBXFileReference; fileEncoding = 4; lastKnownFileType = sourcecode.c.objc; path = AppUtils.m; sourceTree = "<group>"; };
		EDC6AC681BE1BE6A00693B94 /* CheckboxWithTitle.h */ = {isa = PBXFileReference; fileEncoding = 4; lastKnownFileType = sourcecode.c.h; path = CheckboxWithTitle.h; sourceTree = "<group>"; };
		EDC6AC691BE1BE6A00693B94 /* CheckboxWithTitle.m */ = {isa = PBXFileReference; fileEncoding = 4; lastKnownFileType = sourcecode.c.objc; path = CheckboxWithTitle.m; sourceTree = "<group>"; };
		EDC6ACE61BE3144900693B94 /* ContentViewController.h */ = {isa = PBXFileReference; fileEncoding = 4; lastKnownFileType = sourcecode.c.h; path = ContentViewController.h; sourceTree = "<group>"; };
		EDC6ACE71BE3144900693B94 /* ContentViewController.m */ = {isa = PBXFileReference; fileEncoding = 4; lastKnownFileType = sourcecode.c.objc; path = ContentViewController.m; sourceTree = "<group>"; };
		EDD04CE21BEDAC3100058BB6 /* BookMark.h */ = {isa = PBXFileReference; fileEncoding = 4; lastKnownFileType = sourcecode.c.h; path = BookMark.h; sourceTree = "<group>"; };
		EDD04CE31BEDAC3100058BB6 /* BookMark.m */ = {isa = PBXFileReference; fileEncoding = 4; lastKnownFileType = sourcecode.c.objc; path = BookMark.m; sourceTree = "<group>"; };
		EDD21A691BDE505300A611A5 /* Buff.h */ = {isa = PBXFileReference; fileEncoding = 4; lastKnownFileType = sourcecode.c.h; path = Buff.h; sourceTree = "<group>"; };
		EDD21A6A1BDE505300A611A5 /* Buff.m */ = {isa = PBXFileReference; fileEncoding = 4; lastKnownFileType = sourcecode.c.objc; path = Buff.m; sourceTree = "<group>"; };
		EDD343A01BC6879D00204C80 /* ClientServer.h */ = {isa = PBXFileReference; fileEncoding = 4; lastKnownFileType = sourcecode.c.h; path = ClientServer.h; sourceTree = "<group>"; };
		EDD343A11BC6879D00204C80 /* ClientServer.m */ = {isa = PBXFileReference; fileEncoding = 4; lastKnownFileType = sourcecode.c.objc; path = ClientServer.m; sourceTree = "<group>"; };
		EDD343A61BC6C1D300204C80 /* test.txt */ = {isa = PBXFileReference; lastKnownFileType = text; path = test.txt; sourceTree = "<group>"; };
		EDD363E41BC0FB43008CD9AC /* UITouchScrollView.h */ = {isa = PBXFileReference; fileEncoding = 4; lastKnownFileType = sourcecode.c.h; path = UITouchScrollView.h; sourceTree = "<group>"; };
		EDD363E51BC0FB43008CD9AC /* UITouchScrollView.m */ = {isa = PBXFileReference; fileEncoding = 4; lastKnownFileType = sourcecode.c.objc; path = UITouchScrollView.m; sourceTree = "<group>"; };
		EDD38DEE1BB7BA41001878DC /* AppLabel.h */ = {isa = PBXFileReference; fileEncoding = 4; lastKnownFileType = sourcecode.c.h; path = AppLabel.h; sourceTree = "<group>"; };
		EDD38DEF1BB7BA41001878DC /* AppLabel.m */ = {isa = PBXFileReference; fileEncoding = 4; lastKnownFileType = sourcecode.c.objc; path = AppLabel.m; sourceTree = "<group>"; };
		EDD38DF31BB7F75E001878DC /* UIImage+UIColor.h */ = {isa = PBXFileReference; fileEncoding = 4; lastKnownFileType = sourcecode.c.h; path = "UIImage+UIColor.h"; sourceTree = "<group>"; };
		EDD38DF41BB7F75E001878DC /* UIImage+UIColor.m */ = {isa = PBXFileReference; fileEncoding = 4; lastKnownFileType = sourcecode.c.objc; path = "UIImage+UIColor.m"; sourceTree = "<group>"; };
		EDD38DF71BB80FEF001878DC /* UILabel+VerticalAlign.h */ = {isa = PBXFileReference; fileEncoding = 4; lastKnownFileType = sourcecode.c.h; path = "UILabel+VerticalAlign.h"; sourceTree = "<group>"; };
		EDD38DF81BB80FEF001878DC /* UILabel+VerticalAlign.m */ = {isa = PBXFileReference; fileEncoding = 4; lastKnownFileType = sourcecode.c.objc; path = "UILabel+VerticalAlign.m"; sourceTree = "<group>"; };
		EDFCA73B1BB1734F00AF49EA /* app_demo.app */ = {isa = PBXFileReference; explicitFileType = wrapper.application; includeInIndex = 0; path = app_demo.app; sourceTree = BUILT_PRODUCTS_DIR; };
		EDFCA73F1BB1734F00AF49EA /* Info.plist */ = {isa = PBXFileReference; lastKnownFileType = text.plist.xml; path = Info.plist; sourceTree = "<group>"; };
		EDFCA7401BB1734F00AF49EA /* main.m */ = {isa = PBXFileReference; lastKnownFileType = sourcecode.c.objc; path = main.m; sourceTree = "<group>"; };
		EDFCA7421BB1734F00AF49EA /* AppDelegate.h */ = {isa = PBXFileReference; lastKnownFileType = sourcecode.c.h; path = AppDelegate.h; sourceTree = "<group>"; };
		EDFCA7431BB1734F00AF49EA /* AppDelegate.m */ = {isa = PBXFileReference; lastKnownFileType = sourcecode.c.objc; path = AppDelegate.m; sourceTree = "<group>"; };
		EDFCA7451BB1734F00AF49EA /* ViewController.h */ = {isa = PBXFileReference; lastKnownFileType = sourcecode.c.h; path = ViewController.h; sourceTree = "<group>"; };
		EDFCA7461BB1734F00AF49EA /* ViewController.m */ = {isa = PBXFileReference; lastKnownFileType = sourcecode.c.objc; path = ViewController.m; sourceTree = "<group>"; };
		EDFCA7541BB1734F00AF49EA /* app_demoTests.xctest */ = {isa = PBXFileReference; explicitFileType = wrapper.cfbundle; includeInIndex = 0; path = app_demoTests.xctest; sourceTree = BUILT_PRODUCTS_DIR; };
		EDFCA7591BB1734F00AF49EA /* Info.plist */ = {isa = PBXFileReference; lastKnownFileType = text.plist.xml; path = Info.plist; sourceTree = "<group>"; };
		EDFCA75A1BB1734F00AF49EA /* app_demoTests.m */ = {isa = PBXFileReference; lastKnownFileType = sourcecode.c.objc; path = app_demoTests.m; sourceTree = "<group>"; };
		EDFFE2BA1BDE0EF200944745 /* Pagination.h */ = {isa = PBXFileReference; fileEncoding = 4; lastKnownFileType = sourcecode.c.h; path = Pagination.h; sourceTree = "<group>"; };
		EDFFE2BB1BDE0EF200944745 /* Pagination.m */ = {isa = PBXFileReference; fileEncoding = 4; lastKnownFileType = sourcecode.c.objc; path = Pagination.m; sourceTree = "<group>"; };
/* End PBXFileReference section */

/* Begin PBXFrameworksBuildPhase section */
		EDFCA7381BB1734F00AF49EA /* Frameworks */ = {
			isa = PBXFrameworksBuildPhase;
			buildActionMask = 2147483647;
			files = (
				ED53BE111BE382F50033A666 /* libsqlite3.0.dylib in Frameworks */,
			);
			runOnlyForDeploymentPostprocessing = 0;
		};
		EDFCA7511BB1734F00AF49EA /* Frameworks */ = {
			isa = PBXFrameworksBuildPhase;
			buildActionMask = 2147483647;
			files = (
			);
			runOnlyForDeploymentPostprocessing = 0;
		};
/* End PBXFrameworksBuildPhase section */

/* Begin PBXGroup section */
		ED5AFB781BD0B76D00612E3C /* Resources */ = {
			isa = PBXGroup;
			children = (
				ED7042C61BD9E65200FED349 /* test.txt */,
				ED5AFB791BD0B76D00612E3C /* MISAskAddFile@2x.png */,
			);
			path = Resources;
			sourceTree = "<group>";
		};
		ED602A401BC4CD9E00DB1A3B /* sql */ = {
			isa = PBXGroup;
			children = (
				ED602A411BC4CDCF00DB1A3B /* Dao.h */,
				ED602A421BC4CDCF00DB1A3B /* Dao.m */,
			);
			path = sql;
			sourceTree = "<group>";
		};
		EDD3439F1BC6879D00204C80 /* net */ = {
			isa = PBXGroup;
			children = (
				EDD343A01BC6879D00204C80 /* ClientServer.h */,
				EDD343A11BC6879D00204C80 /* ClientServer.m */,
			);
			path = net;
			sourceTree = "<group>";
		};
		EDFCA7321BB1734F00AF49EA = {
			isa = PBXGroup;
			children = (
				ED53BE101BE382F50033A666 /* libsqlite3.0.dylib */,
				ED5AFB781BD0B76D00612E3C /* Resources */,
				EDD343A61BC6C1D300204C80 /* test.txt */,
				ED571E391BD735DC007D5B66 /* Regx.h */,
				ED571E3A1BD735DC007D5B66 /* Regx.m */,
				EDFCA73D1BB1734F00AF49EA /* app_demo */,
				EDFCA7571BB1734F00AF49EA /* app_demoTests */,
				EDFCA73C1BB1734F00AF49EA /* Products */,
			);
			sourceTree = "<group>";
		};
		EDFCA73C1BB1734F00AF49EA /* Products */ = {
			isa = PBXGroup;
			children = (
				EDFCA73B1BB1734F00AF49EA /* app_demo.app */,
				EDFCA7541BB1734F00AF49EA /* app_demoTests.xctest */,
			);
			name = Products;
			sourceTree = "<group>";
		};
		EDFCA73D1BB1734F00AF49EA /* app_demo */ = {
			isa = PBXGroup;
			children = (
				EDD21A691BDE505300A611A5 /* Buff.h */,
				EDD21A6A1BDE505300A611A5 /* Buff.m */,
				EDD3439F1BC6879D00204C80 /* net */,
				ED602A401BC4CD9E00DB1A3B /* sql */,
				EDB293D01BC1062700290C56 /* UTF8FileParser.h */,
				EDB293D11BC1062700290C56 /* UTF8FileParser.m */,
				EDFFE2BA1BDE0EF200944745 /* Pagination.h */,
				EDFFE2BB1BDE0EF200944745 /* Pagination.m */,
				EDD363E41BC0FB43008CD9AC /* UITouchScrollView.h */,
				EDD363E51BC0FB43008CD9AC /* UITouchScrollView.m */,
				EDD38DF31BB7F75E001878DC /* UIImage+UIColor.h */,
				EDD38DF41BB7F75E001878DC /* UIImage+UIColor.m */,
				EDBA42201BB39162004B9A62 /* AppBookView.h */,
				EDBA42211BB39162004B9A62 /* AppBookView.m */,
				EDBA422B1BB3A257004B9A62 /* AppConfig.h */,
				EDFCA7421BB1734F00AF49EA /* AppDelegate.h */,
				EDFCA7431BB1734F00AF49EA /* AppDelegate.m */,
				EDD38DEE1BB7BA41001878DC /* AppLabel.h */,
				EDD38DEF1BB7BA41001878DC /* AppLabel.m */,
				EDBA42351BB3EDDD004B9A62 /* AppUtils.h */,
				EDBA42361BB3EDDD004B9A62 /* AppUtils.m */,
				EDFCA73E1BB1734F00AF49EA /* Supporting Files */,
				EDFCA7451BB1734F00AF49EA /* ViewController.h */,
				EDFCA7461BB1734F00AF49EA /* ViewController.m */,
				ED5AF7E01BCE461300612E3C /* AppMainViewController.h */,
				ED5AF7E11BCE461300612E3C /* AppMainViewController.m */,
				ED5589151BECDEC2004A1A9F /* DB.h */,
				ED5589161BECDEC2004A1A9F /* DB.m */,
				ED5AF7E91BCF5E9600612E3C /* AppTableViewCell.h */,
				ED5AF7EA1BCF5E9600612E3C /* AppTableViewCell.m */,
				ED5AF7E31BCE466800612E3C /* AppHomeViewController.h */,
				ED5AF7E41BCE466800612E3C /* AppHomeViewController.m */,
				ED5AF7EC1BCFA61600612E3C /* DemoLabel.h */,
				ED5AF7ED1BCFA61600612E3C /* DemoLabel.m */,
				ED5AF7E61BCE47A800612E3C /* AppFindBookViewController.h */,
				ED5AF7E71BCE47A800612E3C /* AppFindBookViewController.m */,
				EDD38DF71BB80FEF001878DC /* UILabel+VerticalAlign.h */,
				EDD38DF81BB80FEF001878DC /* UILabel+VerticalAlign.m */,
				EDC6AC681BE1BE6A00693B94 /* CheckboxWithTitle.h */,
				EDC6AC691BE1BE6A00693B94 /* CheckboxWithTitle.m */,
				EDC6ACE61BE3144900693B94 /* ContentViewController.h */,
				EDC6ACE71BE3144900693B94 /* ContentViewController.m */,
				ED53BE151BE459E10033A666 /* CommentViewController.h */,
				ED53BE161BE459E10033A666 /* CommentViewController.m */,
				ED53BE181BE45AF00033A666 /* Book.h */,
				ED53BE191BE45AF00033A666 /* Book.m */,
				ED53BE121BE452EC0033A666 /* Animationdemo.h */,
				ED53BE131BE452EC0033A666 /* Animationdemo.m */,
				ED53BE1B1BE4CB040033A666 /* TWFXToolBarViewController.h */,
				ED53BE1C1BE4CB040033A666 /* TWFXToolBarViewController.m */,
				EDD04CE21BEDAC3100058BB6 /* BookMark.h */,
				EDD04CE31BEDAC3100058BB6 /* BookMark.m */,
			);
			path = app_demo;
			sourceTree = "<group>";
		};
		EDFCA73E1BB1734F00AF49EA /* Supporting Files */ = {
			isa = PBXGroup;
			children = (
				EDFCA73F1BB1734F00AF49EA /* Info.plist */,
				EDFCA7401BB1734F00AF49EA /* main.m */,
			);
			name = "Supporting Files";
			sourceTree = "<group>";
		};
		EDFCA7571BB1734F00AF49EA /* app_demoTests */ = {
			isa = PBXGroup;
			children = (
				EDFCA75A1BB1734F00AF49EA /* app_demoTests.m */,
				EDFCA7581BB1734F00AF49EA /* Supporting Files */,
			);
			path = app_demoTests;
			sourceTree = "<group>";
		};
		EDFCA7581BB1734F00AF49EA /* Supporting Files */ = {
			isa = PBXGroup;
			children = (
				EDFCA7591BB1734F00AF49EA /* Info.plist */,
			);
			name = "Supporting Files";
			sourceTree = "<group>";
		};
/* End PBXGroup section */

/* Begin PBXNativeTarget section */
		EDFCA73A1BB1734F00AF49EA /* app_demo */ = {
			isa = PBXNativeTarget;
			buildConfigurationList = EDFCA75E1BB1734F00AF49EA /* Build configuration list for PBXNativeTarget "app_demo" */;
			buildPhases = (
				EDFCA7371BB1734F00AF49EA /* Sources */,
				EDFCA7381BB1734F00AF49EA /* Frameworks */,
				EDFCA7391BB1734F00AF49EA /* Resources */,
			);
			buildRules = (
			);
			dependencies = (
			);
			name = app_demo;
			productName = app_demo;
			productReference = EDFCA73B1BB1734F00AF49EA /* app_demo.app */;
			productType = "com.apple.product-type.application";
		};
		EDFCA7531BB1734F00AF49EA /* app_demoTests */ = {
			isa = PBXNativeTarget;
			buildConfigurationList = EDFCA7611BB1734F00AF49EA /* Build configuration list for PBXNativeTarget "app_demoTests" */;
			buildPhases = (
				EDFCA7501BB1734F00AF49EA /* Sources */,
				EDFCA7511BB1734F00AF49EA /* Frameworks */,
				EDFCA7521BB1734F00AF49EA /* Resources */,
			);
			buildRules = (
			);
			dependencies = (
				EDFCA7561BB1734F00AF49EA /* PBXTargetDependency */,
			);
			name = app_demoTests;
			productName = app_demoTests;
			productReference = EDFCA7541BB1734F00AF49EA /* app_demoTests.xctest */;
			productType = "com.apple.product-type.bundle.unit-test";
		};
/* End PBXNativeTarget section */

/* Begin PBXProject section */
		EDFCA7331BB1734F00AF49EA /* Project object */ = {
			isa = PBXProject;
			attributes = {
				LastUpgradeCheck = 0630;
				ORGANIZATIONNAME = "张新伟";
				TargetAttributes = {
					EDFCA73A1BB1734F00AF49EA = {
						CreatedOnToolsVersion = 6.3.2;
					};
					EDFCA7531BB1734F00AF49EA = {
						CreatedOnToolsVersion = 6.3.2;
						TestTargetID = EDFCA73A1BB1734F00AF49EA;
					};
				};
			};
			buildConfigurationList = EDFCA7361BB1734F00AF49EA /* Build configuration list for PBXProject "app_demo" */;
			compatibilityVersion = "Xcode 3.2";
			developmentRegion = English;
			hasScannedForEncodings = 0;
			knownRegions = (
				en,
				Base,
			);
			mainGroup = EDFCA7321BB1734F00AF49EA;
			productRefGroup = EDFCA73C1BB1734F00AF49EA /* Products */;
			projectDirPath = "";
			projectRoot = "";
			targets = (
				EDFCA73A1BB1734F00AF49EA /* app_demo */,
				EDFCA7531BB1734F00AF49EA /* app_demoTests */,
			);
		};
/* End PBXProject section */

/* Begin PBXResourcesBuildPhase section */
		EDFCA7391BB1734F00AF49EA /* Resources */ = {
			isa = PBXResourcesBuildPhase;
			buildActionMask = 2147483647;
			files = (
				ED5AFC5B1BD0B76E00612E3C /* MISAskAddFile@2x.png in Resources */,
				ED7042C71BD9E65200FED349 /* test.txt in Resources */,
				EDD343A71BC6C1D300204C80 /* test.txt in Resources */,
			);
			runOnlyForDeploymentPostprocessing = 0;
		};
		EDFCA7521BB1734F00AF49EA /* Resources */ = {
			isa = PBXResourcesBuildPhase;
			buildActionMask = 2147483647;
			files = (
			);
			runOnlyForDeploymentPostprocessing = 0;
		};
/* End PBXResourcesBuildPhase section */

/* Begin PBXSourcesBuildPhase section */
		EDFCA7371BB1734F00AF49EA /* Sources */ = {
			isa = PBXSourcesBuildPhase;
			buildActionMask = 2147483647;
			files = (
				ED53BE1A1BE45AF00033A666 /* Book.m in Sources */,
				ED53BE141BE452EC0033A666 /* Animationdemo.m in Sources */,
				EDD21A6B1BDE505300A611A5 /* Buff.m in Sources */,
				ED53BE1D1BE4CB040033A666 /* TWFXToolBarViewController.m in Sources */,
				EDBA42221BB39162004B9A62 /* AppBookView.m in Sources */,
				EDD38DF61BB7F75E001878DC /* UIImage+UIColor.m in Sources */,
				ED5AF7EE1BCFA61600612E3C /* DemoLabel.m in Sources */,
				EDFCA7471BB1734F00AF49EA /* ViewController.m in Sources */,
				EDD38DF01BB7BA41001878DC /* AppLabel.m in Sources */,
				EDFFE2BC1BDE0EF200944745 /* Pagination.m in Sources */,
				EDFCA7441BB1734F00AF49EA /* AppDelegate.m in Sources */,
				EDB293D21BC1062700290C56 /* UTF8FileParser.m in Sources */,
				EDC6AC6A1BE1BE6A00693B94 /* CheckboxWithTitle.m in Sources */,
				EDFCA7411BB1734F00AF49EA /* main.m in Sources */,
				ED53BE171BE459E10033A666 /* CommentViewController.m in Sources */,
				ED5AF7EB1BCF5E9600612E3C /* AppTableViewCell.m in Sources */,
				EDD38DF91BB80FEF001878DC /* UILabel+VerticalAlign.m in Sources */,
				EDD343A21BC6879D00204C80 /* ClientServer.m in Sources */,
				ED5AF7E51BCE466800612E3C /* AppHomeViewController.m in Sources */,
				ED602A431BC4CDCF00DB1A3B /* Dao.m in Sources */,
				ED571E3B1BD735DC007D5B66 /* Regx.m in Sources */,
				ED5AF7E21BCE461300612E3C /* AppMainViewController.m in Sources */,
				EDC6ACE81BE3144900693B94 /* ContentViewController.m in Sources */,
				EDD04CE41BEDAC3100058BB6 /* BookMark.m in Sources */,
				ED5589171BECDEC2004A1A9F /* DB.m in Sources */,
				ED5AF7E81BCE47A800612E3C /* AppFindBookViewController.m in Sources */,
				EDBA42371BB3EDDD004B9A62 /* AppUtils.m in Sources */,
				EDD363E61BC0FB43008CD9AC /* UITouchScrollView.m in Sources */,
			);
			runOnlyForDeploymentPostprocessing = 0;
		};
		EDFCA7501BB1734F00AF49EA /* Sources */ = {
			isa = PBXSourcesBuildPhase;
			buildActionMask = 2147483647;
			files = (
				EDFCA75B1BB1734F00AF49EA /* app_demoTests.m in Sources */,
			);
			runOnlyForDeploymentPostprocessing = 0;
		};
/* End PBXSourcesBuildPhase section */

/* Begin PBXTargetDependency section */
		EDFCA7561BB1734F00AF49EA /* PBXTargetDependency */ = {
			isa = PBXTargetDependency;
			target = EDFCA73A1BB1734F00AF49EA /* app_demo */;
			targetProxy = EDFCA7551BB1734F00AF49EA /* PBXContainerItemProxy */;
		};
/* End PBXTargetDependency section */

/* Begin XCBuildConfiguration section */
		EDFCA75C1BB1734F00AF49EA /* Debug */ = {
			isa = XCBuildConfiguration;
			buildSettings = {
				ALWAYS_SEARCH_USER_PATHS = NO;
				CLANG_CXX_LANGUAGE_STANDARD = "gnu++0x";
				CLANG_CXX_LIBRARY = "libc++";
				CLANG_ENABLE_MODULES = YES;
				CLANG_ENABLE_OBJC_ARC = YES;
				CLANG_WARN_BOOL_CONVERSION = YES;
				CLANG_WARN_CONSTANT_CONVERSION = YES;
				CLANG_WARN_DIRECT_OBJC_ISA_USAGE = YES_ERROR;
				CLANG_WARN_EMPTY_BODY = YES;
				CLANG_WARN_ENUM_CONVERSION = YES;
				CLANG_WARN_INT_CONVERSION = YES;
				CLANG_WARN_OBJC_ROOT_CLASS = YES_ERROR;
				CLANG_WARN_UNREACHABLE_CODE = YES;
				CLANG_WARN__DUPLICATE_METHOD_MATCH = YES;
				"CODE_SIGN_IDENTITY[sdk=iphoneos*]" = "iPhone Developer";
				COPY_PHASE_STRIP = NO;
				DEBUG_INFORMATION_FORMAT = "dwarf-with-dsym";
				ENABLE_STRICT_OBJC_MSGSEND = YES;
				GCC_C_LANGUAGE_STANDARD = gnu99;
				GCC_DYNAMIC_NO_PIC = NO;
				GCC_NO_COMMON_BLOCKS = YES;
				GCC_OPTIMIZATION_LEVEL = 0;
				GCC_PREPROCESSOR_DEFINITIONS = (
					"DEBUG=1",
					"$(inherited)",
				);
				GCC_SYMBOLS_PRIVATE_EXTERN = NO;
				GCC_WARN_64_TO_32_BIT_CONVERSION = YES;
				GCC_WARN_ABOUT_RETURN_TYPE = YES_ERROR;
				GCC_WARN_UNDECLARED_SELECTOR = YES;
				GCC_WARN_UNINITIALIZED_AUTOS = YES_AGGRESSIVE;
				GCC_WARN_UNUSED_FUNCTION = YES;
				GCC_WARN_UNUSED_VARIABLE = YES;
				IPHONEOS_DEPLOYMENT_TARGET = 8.3;
				LD_GENERATE_MAP_FILE = YES;
				MTL_ENABLE_DEBUG_INFO = YES;
				ONLY_ACTIVE_ARCH = YES;
				SDKROOT = iphoneos;
				TARGETED_DEVICE_FAMILY = "1,2";
			};
			name = Debug;
		};
		EDFCA75D1BB1734F00AF49EA /* Release */ = {
			isa = XCBuildConfiguration;
			buildSettings = {
				ALWAYS_SEARCH_USER_PATHS = NO;
				CLANG_CXX_LANGUAGE_STANDARD = "gnu++0x";
				CLANG_CXX_LIBRARY = "libc++";
				CLANG_ENABLE_MODULES = YES;
				CLANG_ENABLE_OBJC_ARC = YES;
				CLANG_WARN_BOOL_CONVERSION = YES;
				CLANG_WARN_CONSTANT_CONVERSION = YES;
				CLANG_WARN_DIRECT_OBJC_ISA_USAGE = YES_ERROR;
				CLANG_WARN_EMPTY_BODY = YES;
				CLANG_WARN_ENUM_CONVERSION = YES;
				CLANG_WARN_INT_CONVERSION = YES;
				CLANG_WARN_OBJC_ROOT_CLASS = YES_ERROR;
				CLANG_WARN_UNREACHABLE_CODE = YES;
				CLANG_WARN__DUPLICATE_METHOD_MATCH = YES;
				"CODE_SIGN_IDENTITY[sdk=iphoneos*]" = "iPhone Developer";
				COPY_PHASE_STRIP = NO;
				DEBUG_INFORMATION_FORMAT = "dwarf-with-dsym";
				ENABLE_NS_ASSERTIONS = NO;
				ENABLE_STRICT_OBJC_MSGSEND = YES;
				GCC_C_LANGUAGE_STANDARD = gnu99;
				GCC_NO_COMMON_BLOCKS = YES;
				GCC_WARN_64_TO_32_BIT_CONVERSION = YES;
				GCC_WARN_ABOUT_RETURN_TYPE = YES_ERROR;
				GCC_WARN_UNDECLARED_SELECTOR = YES;
				GCC_WARN_UNINITIALIZED_AUTOS = YES_AGGRESSIVE;
				GCC_WARN_UNUSED_FUNCTION = YES;
				GCC_WARN_UNUSED_VARIABLE = YES;
				IPHONEOS_DEPLOYMENT_TARGET = 8.3;
				LD_GENERATE_MAP_FILE = YES;
				MTL_ENABLE_DEBUG_INFO = NO;
				SDKROOT = iphoneos;
				TARGETED_DEVICE_FAMILY = "1,2";
				VALIDATE_PRODUCT = YES;
			};
			name = Release;
		};
		EDFCA75F1BB1734F00AF49EA /* Debug */ = {
			isa = XCBuildConfiguration;
			buildSettings = {
				ASSETCATALOG_COMPILER_APPICON_NAME = AppIcon;
				INFOPLIST_FILE = app_demo/Info.plist;
				LD_RUNPATH_SEARCH_PATHS = "$(inherited) @executable_path/Frameworks";
				PRODUCT_NAME = "$(TARGET_NAME)";
			};
			name = Debug;
		};
		EDFCA7601BB1734F00AF49EA /* Release */ = {
			isa = XCBuildConfiguration;
			buildSettings = {
				ASSETCATALOG_COMPILER_APPICON_NAME = AppIcon;
				INFOPLIST_FILE = app_demo/Info.plist;
				LD_RUNPATH_SEARCH_PATHS = "$(inherited) @executable_path/Frameworks";
				PRODUCT_NAME = "$(TARGET_NAME)";
			};
			name = Release;
		};
		EDFCA7621BB1734F00AF49EA /* Debug */ = {
			isa = XCBuildConfiguration;
			buildSettings = {
				BUNDLE_LOADER = "$(TEST_HOST)";
				FRAMEWORK_SEARCH_PATHS = (
					"$(SDKROOT)/Developer/Library/Frameworks",
					"$(inherited)",
				);
				GCC_PREPROCESSOR_DEFINITIONS = (
					"DEBUG=1",
					"$(inherited)",
				);
				INFOPLIST_FILE = app_demoTests/Info.plist;
				LD_RUNPATH_SEARCH_PATHS = "$(inherited) @executable_path/Frameworks @loader_path/Frameworks";
				PRODUCT_NAME = "$(TARGET_NAME)";
				TEST_HOST = "$(BUILT_PRODUCTS_DIR)/app_demo.app/app_demo";
			};
			name = Debug;
		};
		EDFCA7631BB1734F00AF49EA /* Release */ = {
			isa = XCBuildConfiguration;
			buildSettings = {
				BUNDLE_LOADER = "$(TEST_HOST)";
				FRAMEWORK_SEARCH_PATHS = (
					"$(SDKROOT)/Developer/Library/Frameworks",
					"$(inherited)",
				);
				INFOPLIST_FILE = app_demoTests/Info.plist;
				LD_RUNPATH_SEARCH_PATHS = "$(inherited) @executable_path/Frameworks @loader_path/Frameworks";
				PRODUCT_NAME = "$(TARGET_NAME)";
				TEST_HOST = "$(BUILT_PRODUCTS_DIR)/app_demo.app/app_demo";
			};
			name = Release;
		};
/* End XCBuildConfiguration section */

/* Begin XCConfigurationList section */
		EDFCA7361BB1734F00AF49EA /* Build configuration list for PBXProject "app_demo" */ = {
			isa = XCConfigurationList;
			buildConfigurations = (
				EDFCA75C1BB1734F00AF49EA /* Debug */,
				EDFCA75D1BB1734F00AF49EA /* Release */,
			);
			defaultConfigurationIsVisible = 0;
			defaultConfigurationName = Release;
		};
		EDFCA75E1BB1734F00AF49EA /* Build configuration list for PBXNativeTarget "app_demo" */ = {
			isa = XCConfigurationList;
			buildConfigurations = (
				EDFCA75F1BB1734F00AF49EA /* Debug */,
				EDFCA7601BB1734F00AF49EA /* Release */,
			);
			defaultConfigurationIsVisible = 0;
			defaultConfigurationName = Release;
		};
		EDFCA7611BB1734F00AF49EA /* Build configuration list for PBXNativeTarget "app_demoTests" */ = {
			isa = XCConfigurationList;
			buildConfigurations = (
				EDFCA7621BB1734F00AF49EA /* Debug */,
				EDFCA7631BB1734F00AF49EA /* Release */,
			);
			defaultConfigurationIsVisible = 0;
			defaultConfigurationName = Release;
		};
/* End XCConfigurationList section */
	};
	rootObject = EDFCA7331BB1734F00AF49EA /* Project object */;
}
