// !$*UTF8*$!
{
	archiveVersion = 1;
	classes = {
	};
	objectVersion = 46;
	objects = {

/* Begin PBXBuildFile section */
		EDBA41FE1BB242FF004B9A62 /* KeyboardViewController.m in Sources */ = {isa = PBXBuildFile; fileRef = EDBA41FD1BB242FF004B9A62 /* KeyboardViewController.m */; };
		EDBA42081BB2496B004B9A62 /* KeyboardViewController.m in Sources */ = {isa = PBXBuildFile; fileRef = EDBA41FD1BB242FF004B9A62 /* KeyboardViewController.m */; };
		EDBA42221BB39162004B9A62 /* AppBookView.m in Sources */ = {isa = PBXBuildFile; fileRef = EDBA42211BB39162004B9A62 /* AppBookView.m */; };
		EDBA42371BB3EDDD004B9A62 /* AppUtils.m in Sources */ = {isa = PBXBuildFile; fileRef = EDBA42361BB3EDDD004B9A62 /* AppUtils.m */; };
		EDBA423B1BC60388004B9A62 /* ClientServer.m in Sources */ = {isa = PBXBuildFile; fileRef = EDBA423A1BC60388004B9A62 /* ClientServer.m */; };
		EDD363E61BC0FB43008CD9AC /* UITouchScrollView.m in Sources */ = {isa = PBXBuildFile; fileRef = EDD363E51BC0FB43008CD9AC /* UITouchScrollView.m */; };
		EDD38DF01BB7BA41001878DC /* AppLabel.m in Sources */ = {isa = PBXBuildFile; fileRef = EDD38DEF1BB7BA41001878DC /* AppLabel.m */; };
		EDD38DF51BB7F75E001878DC /* AppContentViewController.m in Sources */ = {isa = PBXBuildFile; fileRef = EDD38DF21BB7F75E001878DC /* AppContentViewController.m */; };
		EDD38DF61BB7F75E001878DC /* UIImage+UIColor.m in Sources */ = {isa = PBXBuildFile; fileRef = EDD38DF41BB7F75E001878DC /* UIImage+UIColor.m */; };
		EDD38DF91BB80FEF001878DC /* UILabel+VerticalAlign.m in Sources */ = {isa = PBXBuildFile; fileRef = EDD38DF81BB80FEF001878DC /* UILabel+VerticalAlign.m */; };
		EDFCA7411BB1734F00AF49EA /* main.m in Sources */ = {isa = PBXBuildFile; fileRef = EDFCA7401BB1734F00AF49EA /* main.m */; };
		EDFCA7441BB1734F00AF49EA /* AppDelegate.m in Sources */ = {isa = PBXBuildFile; fileRef = EDFCA7431BB1734F00AF49EA /* AppDelegate.m */; };
		EDFCA7471BB1734F00AF49EA /* ViewController.m in Sources */ = {isa = PBXBuildFile; fileRef = EDFCA7461BB1734F00AF49EA /* ViewController.m */; };
		EDFCA75B1BB1734F00AF49EA /* app_demoTests.m in Sources */ = {isa = PBXBuildFile; fileRef = EDFCA75A1BB1734F00AF49EA /* app_demoTests.m */; };
/* End PBXBuildFile section */

/* Begin PBXContainerItemProxy section */
		EDFCA7551BB1734F00AF49EA /* PBXContainerItemProxy */ = {
			isa = PBXContainerItemProxy;
			containerPortal = EDFCA7331BB1734F00AF49EA /* Project object */;
			proxyType = 1;
			remoteGlobalIDString = EDFCA73A1BB1734F00AF49EA;
			remoteInfo = app_demo;
		};
/* End PBXContainerItemProxy section */

/* Begin PBXFileReference section */
		EDBA41F81BB242FF004B9A62 /* ChinTypewriting.appex */ = {isa = PBXFileReference; explicitFileType = "wrapper.app-extension"; includeInIndex = 0; path = ChinTypewriting.appex; sourceTree = BUILT_PRODUCTS_DIR; };
		EDBA41FB1BB242FF004B9A62 /* Info.plist */ = {isa = PBXFileReference; lastKnownFileType = text.plist.xml; path = Info.plist; sourceTree = "<group>"; };
		EDBA41FC1BB242FF004B9A62 /* KeyboardViewController.h */ = {isa = PBXFileReference; lastKnownFileType = sourcecode.c.h; path = KeyboardViewController.h; sourceTree = "<group>"; };
		EDBA41FD1BB242FF004B9A62 /* KeyboardViewController.m */ = {isa = PBXFileReference; lastKnownFileType = sourcecode.c.objc; path = KeyboardViewController.m; sourceTree = "<group>"; };
		EDBA42201BB39162004B9A62 /* AppBookView.h */ = {isa = PBXFileReference; fileEncoding = 4; lastKnownFileType = sourcecode.c.h; path = AppBookView.h; sourceTree = "<group>"; };
		EDBA42211BB39162004B9A62 /* AppBookView.m */ = {isa = PBXFileReference; fileEncoding = 4; lastKnownFileType = sourcecode.c.objc; path = AppBookView.m; sourceTree = "<group>"; };
		EDBA422B1BB3A257004B9A62 /* AppConfig.h */ = {isa = PBXFileReference; fileEncoding = 4; lastKnownFileType = sourcecode.c.h; path = AppConfig.h; sourceTree = "<group>"; };
		EDBA42351BB3EDDD004B9A62 /* AppUtils.h */ = {isa = PBXFileReference; fileEncoding = 4; lastKnownFileType = sourcecode.c.h; path = AppUtils.h; sourceTree = "<group>"; };
		EDBA42361BB3EDDD004B9A62 /* AppUtils.m */ = {isa = PBXFileReference; fileEncoding = 4; lastKnownFileType = sourcecode.c.objc; path = AppUtils.m; sourceTree = "<group>"; };
		EDBA42391BC60388004B9A62 /* ClientServer.h */ = {isa = PBXFileReference; fileEncoding = 4; lastKnownFileType = sourcecode.c.h; path = ClientServer.h; sourceTree = "<group>"; };
		EDBA423A1BC60388004B9A62 /* ClientServer.m */ = {isa = PBXFileReference; fileEncoding = 4; lastKnownFileType = sourcecode.c.objc; path = ClientServer.m; sourceTree = "<group>"; };
		EDD363E41BC0FB43008CD9AC /* UITouchScrollView.h */ = {isa = PBXFileReference; fileEncoding = 4; lastKnownFileType = sourcecode.c.h; path = UITouchScrollView.h; sourceTree = "<group>"; };
		EDD363E51BC0FB43008CD9AC /* UITouchScrollView.m */ = {isa = PBXFileReference; fileEncoding = 4; lastKnownFileType = sourcecode.c.objc; path = UITouchScrollView.m; sourceTree = "<group>"; };
		EDD38DEE1BB7BA41001878DC /* AppLabel.h */ = {isa = PBXFileReference; fileEncoding = 4; lastKnownFileType = sourcecode.c.h; path = AppLabel.h; sourceTree = "<group>"; };
		EDD38DEF1BB7BA41001878DC /* AppLabel.m */ = {isa = PBXFileReference; fileEncoding = 4; lastKnownFileType = sourcecode.c.objc; path = AppLabel.m; sourceTree = "<group>"; };
		EDD38DF11BB7F75E001878DC /* AppContentViewController.h */ = {isa = PBXFileReference; fileEncoding = 4; lastKnownFileType = sourcecode.c.h; path = AppContentViewController.h; sourceTree = "<group>"; };
		EDD38DF21BB7F75E001878DC /* AppContentViewController.m */ = {isa = PBXFileReference; fileEncoding = 4; lastKnownFileType = sourcecode.c.objc; path = AppContentViewController.m; sourceTree = "<group>"; };
		EDD38DF31BB7F75E001878DC /* UIImage+UIColor.h */ = {isa = PBXFileReference; fileEncoding = 4; lastKnownFileType = sourcecode.c.h; path = "UIImage+UIColor.h"; sourceTree = "<group>"; };
		EDD38DF41BB7F75E001878DC /* UIImage+UIColor.m */ = {isa = PBXFileReference; fileEncoding = 4; lastKnownFileType = sourcecode.c.objc; path = "UIImage+UIColor.m"; sourceTree = "<group>"; };
		EDD38DF71BB80FEF001878DC /* UILabel+VerticalAlign.h */ = {isa = PBXFileReference; fileEncoding = 4; lastKnownFileType = sourcecode.c.h; path = "UILabel+VerticalAlign.h"; sourceTree = "<group>"; };
		EDD38DF81BB80FEF001878DC /* UILabel+VerticalAlign.m */ = {isa = PBXFileReference; fileEncoding = 4; lastKnownFileType = sourcecode.c.objc; path = "UILabel+VerticalAlign.m"; sourceTree = "<group>"; };
		EDFCA73B1BB1734F00AF49EA /* app_demo.app */ = {isa = PBXFileReference; explicitFileType = wrapper.application; includeInIndex = 0; path = app_demo.app; sourceTree = BUILT_PRODUCTS_DIR; };
		EDFCA73F1BB1734F00AF49EA /* Info.plist */ = {isa = PBXFileReference; lastKnownFileType = text.plist.xml; path = Info.plist; sourceTree = "<group>"; };
		EDFCA7401BB1734F00AF49EA /* main.m */ = {isa = PBXFileReference; lastKnownFileType = sourcecode.c.objc; path = main.m; sourceTree = "<group>"; };
		EDFCA7421BB1734F00AF49EA /* AppDelegate.h */ = {isa = PBXFileReference; lastKnownFileType = sourcecode.c.h; path = AppDelegate.h; sourceTree = "<group>"; };
		EDFCA7431BB1734F00AF49EA /* AppDelegate.m */ = {isa = PBXFileReference; lastKnownFileType = sourcecode.c.objc; path = AppDelegate.m; sourceTree = "<group>"; };
		EDFCA7451BB1734F00AF49EA /* ViewController.h */ = {isa = PBXFileReference; lastKnownFileType = sourcecode.c.h; path = ViewController.h; sourceTree = "<group>"; };
		EDFCA7461BB1734F00AF49EA /* ViewController.m */ = {isa = PBXFileReference; lastKnownFileType = sourcecode.c.objc; path = ViewController.m; sourceTree = "<group>"; };
		EDFCA7541BB1734F00AF49EA /* app_demoTests.xctest */ = {isa = PBXFileReference; explicitFileType = wrapper.cfbundle; includeInIndex = 0; path = app_demoTests.xctest; sourceTree = BUILT_PRODUCTS_DIR; };
		EDFCA7591BB1734F00AF49EA /* Info.plist */ = {isa = PBXFileReference; lastKnownFileType = text.plist.xml; path = Info.plist; sourceTree = "<group>"; };
		EDFCA75A1BB1734F00AF49EA /* app_demoTests.m */ = {isa = PBXFileReference; lastKnownFileType = sourcecode.c.objc; path = app_demoTests.m; sourceTree = "<group>"; };
/* End PBXFileReference section */

/* Begin PBXFrameworksBuildPhase section */
		EDBA41F51BB242FF004B9A62 /* Frameworks */ = {
			isa = PBXFrameworksBuildPhase;
			buildActionMask = 2147483647;
			files = (
			);
			runOnlyForDeploymentPostprocessing = 0;
		};
		EDFCA7381BB1734F00AF49EA /* Frameworks */ = {
			isa = PBXFrameworksBuildPhase;
			buildActionMask = 2147483647;
			files = (
			);
			runOnlyForDeploymentPostprocessing = 0;
		};
		EDFCA7511BB1734F00AF49EA /* Frameworks */ = {
			isa = PBXFrameworksBuildPhase;
			buildActionMask = 2147483647;
			files = (
			);
			runOnlyForDeploymentPostprocessing = 0;
		};
/* End PBXFrameworksBuildPhase section */

/* Begin PBXGroup section */
		EDBA41F91BB242FF004B9A62 /* ChinTypewriting */ = {
			isa = PBXGroup;
			children = (
				EDBA41FC1BB242FF004B9A62 /* KeyboardViewController.h */,
				EDBA41FD1BB242FF004B9A62 /* KeyboardViewController.m */,
				EDBA41FA1BB242FF004B9A62 /* Supporting Files */,
			);
			path = ChinTypewriting;
			sourceTree = "<group>";
		};
		EDBA41FA1BB242FF004B9A62 /* Supporting Files */ = {
			isa = PBXGroup;
			children = (
				EDBA41FB1BB242FF004B9A62 /* Info.plist */,
			);
			name = "Supporting Files";
			sourceTree = "<group>";
		};
		EDBA42091BB2867D004B9A62 /* Resources */ = {
			isa = PBXGroup;
			children = (
				EDBA420A1BB28C1A004B9A62 /* sj */,
			);
			path = Resources;
			sourceTree = "<group>";
		};
		EDBA420A1BB28C1A004B9A62 /* sj */ = {
			isa = PBXGroup;
			children = (
			);
			path = sj;
			sourceTree = "<group>";
		};
		EDBA42381BC6035E004B9A62 /* net */ = {
			isa = PBXGroup;
			children = (
				EDBA42391BC60388004B9A62 /* ClientServer.h */,
				EDBA423A1BC60388004B9A62 /* ClientServer.m */,
			);
			path = net;
			sourceTree = "<group>";
		};
		EDFCA7321BB1734F00AF49EA = {
			isa = PBXGroup;
			children = (
				EDFCA73D1BB1734F00AF49EA /* app_demo */,
				EDFCA7571BB1734F00AF49EA /* app_demoTests */,
				EDBA41F91BB242FF004B9A62 /* ChinTypewriting */,
				EDFCA73C1BB1734F00AF49EA /* Products */,
				EDBA42091BB2867D004B9A62 /* Resources */,
			);
			sourceTree = "<group>";
		};
		EDFCA73C1BB1734F00AF49EA /* Products */ = {
			isa = PBXGroup;
			children = (
				EDFCA73B1BB1734F00AF49EA /* app_demo.app */,
				EDFCA7541BB1734F00AF49EA /* app_demoTests.xctest */,
				EDBA41F81BB242FF004B9A62 /* ChinTypewriting.appex */,
			);
			name = Products;
			sourceTree = "<group>";
		};
		EDFCA73D1BB1734F00AF49EA /* app_demo */ = {
			isa = PBXGroup;
			children = (
				EDBA42381BC6035E004B9A62 /* net */,
				EDD38DF11BB7F75E001878DC /* AppContentViewController.h */,
				EDD38DF21BB7F75E001878DC /* AppContentViewController.m */,
				EDD363E41BC0FB43008CD9AC /* UITouchScrollView.h */,
				EDD363E51BC0FB43008CD9AC /* UITouchScrollView.m */,
				EDD38DF31BB7F75E001878DC /* UIImage+UIColor.h */,
				EDD38DF41BB7F75E001878DC /* UIImage+UIColor.m */,
				EDBA42201BB39162004B9A62 /* AppBookView.h */,
				EDBA42211BB39162004B9A62 /* AppBookView.m */,
				EDBA422B1BB3A257004B9A62 /* AppConfig.h */,
				EDFCA7421BB1734F00AF49EA /* AppDelegate.h */,
				EDFCA7431BB1734F00AF49EA /* AppDelegate.m */,
				EDD38DEE1BB7BA41001878DC /* AppLabel.h */,
				EDD38DEF1BB7BA41001878DC /* AppLabel.m */,
				EDBA42351BB3EDDD004B9A62 /* AppUtils.h */,
				EDBA42361BB3EDDD004B9A62 /* AppUtils.m */,
				EDFCA73E1BB1734F00AF49EA /* Supporting Files */,
				EDFCA7451BB1734F00AF49EA /* ViewController.h */,
				EDFCA7461BB1734F00AF49EA /* ViewController.m */,
				EDD38DF71BB80FEF001878DC /* UILabel+VerticalAlign.h */,
				EDD38DF81BB80FEF001878DC /* UILabel+VerticalAlign.m */,
			);
			path = app_demo;
			sourceTree = "<group>";
		};
		EDFCA73E1BB1734F00AF49EA /* Supporting Files */ = {
			isa = PBXGroup;
			children = (
				EDFCA73F1BB1734F00AF49EA /* Info.plist */,
				EDFCA7401BB1734F00AF49EA /* main.m */,
			);
			name = "Supporting Files";
			sourceTree = "<group>";
		};
		EDFCA7571BB1734F00AF49EA /* app_demoTests */ = {
			isa = PBXGroup;
			children = (
				EDFCA75A1BB1734F00AF49EA /* app_demoTests.m */,
				EDFCA7581BB1734F00AF49EA /* Supporting Files */,
			);
			path = app_demoTests;
			sourceTree = "<group>";
		};
		EDFCA7581BB1734F00AF49EA /* Supporting Files */ = {
			isa = PBXGroup;
			children = (
				EDFCA7591BB1734F00AF49EA /* Info.plist */,
			);
			name = "Supporting Files";
			sourceTree = "<group>";
		};
/* End PBXGroup section */

/* Begin PBXNativeTarget section */
		EDBA41F71BB242FF004B9A62 /* ChinTypewriting */ = {
			isa = PBXNativeTarget;
			buildConfigurationList = EDBA42021BB242FF004B9A62 /* Build configuration list for PBXNativeTarget "ChinTypewriting" */;
			buildPhases = (
				EDBA41F41BB242FF004B9A62 /* Sources */,
				EDBA41F51BB242FF004B9A62 /* Frameworks */,
				EDBA41F61BB242FF004B9A62 /* Resources */,
			);
			buildRules = (
			);
			dependencies = (
			);
			name = ChinTypewriting;
			productName = ChinTypewriting;
			productReference = EDBA41F81BB242FF004B9A62 /* ChinTypewriting.appex */;
			productType = "com.apple.product-type.app-extension";
		};
		EDFCA73A1BB1734F00AF49EA /* app_demo */ = {
			isa = PBXNativeTarget;
			buildConfigurationList = EDFCA75E1BB1734F00AF49EA /* Build configuration list for PBXNativeTarget "app_demo" */;
			buildPhases = (
				EDFCA7371BB1734F00AF49EA /* Sources */,
				EDFCA7381BB1734F00AF49EA /* Frameworks */,
				EDFCA7391BB1734F00AF49EA /* Resources */,
			);
			buildRules = (
			);
			dependencies = (
			);
			name = app_demo;
			productName = app_demo;
			productReference = EDFCA73B1BB1734F00AF49EA /* app_demo.app */;
			productType = "com.apple.product-type.application";
		};
		EDFCA7531BB1734F00AF49EA /* app_demoTests */ = {
			isa = PBXNativeTarget;
			buildConfigurationList = EDFCA7611BB1734F00AF49EA /* Build configuration list for PBXNativeTarget "app_demoTests" */;
			buildPhases = (
				EDFCA7501BB1734F00AF49EA /* Sources */,
				EDFCA7511BB1734F00AF49EA /* Frameworks */,
				EDFCA7521BB1734F00AF49EA /* Resources */,
			);
			buildRules = (
			);
			dependencies = (
				EDFCA7561BB1734F00AF49EA /* PBXTargetDependency */,
			);
			name = app_demoTests;
			productName = app_demoTests;
			productReference = EDFCA7541BB1734F00AF49EA /* app_demoTests.xctest */;
			productType = "com.apple.product-type.bundle.unit-test";
		};
/* End PBXNativeTarget section */

/* Begin PBXProject section */
		EDFCA7331BB1734F00AF49EA /* Project object */ = {
			isa = PBXProject;
			attributes = {
				LastUpgradeCheck = 0630;
				ORGANIZATIONNAME = "张新伟";
				TargetAttributes = {
					EDBA41F71BB242FF004B9A62 = {
						CreatedOnToolsVersion = 6.4;
					};
					EDFCA73A1BB1734F00AF49EA = {
						CreatedOnToolsVersion = 6.3.2;
					};
					EDFCA7531BB1734F00AF49EA = {
						CreatedOnToolsVersion = 6.3.2;
						TestTargetID = EDFCA73A1BB1734F00AF49EA;
					};
				};
			};
			buildConfigurationList = EDFCA7361BB1734F00AF49EA /* Build configuration list for PBXProject "app_demo" */;
			compatibilityVersion = "Xcode 3.2";
			developmentRegion = English;
			hasScannedForEncodings = 0;
			knownRegions = (
				en,
				Base,
			);
			mainGroup = EDFCA7321BB1734F00AF49EA;
			productRefGroup = EDFCA73C1BB1734F00AF49EA /* Products */;
			projectDirPath = "";
			projectRoot = "";
			targets = (
				EDBA41F71BB242FF004B9A62 /* ChinTypewriting */,
				EDFCA73A1BB1734F00AF49EA /* app_demo */,
				EDFCA7531BB1734F00AF49EA /* app_demoTests */,
			);
		};
/* End PBXProject section */

/* Begin PBXResourcesBuildPhase section */
		EDBA41F61BB242FF004B9A62 /* Resources */ = {
			isa = PBXResourcesBuildPhase;
			buildActionMask = 2147483647;
			files = (
			);
			runOnlyForDeploymentPostprocessing = 0;
		};
		EDFCA7391BB1734F00AF49EA /* Resources */ = {
			isa = PBXResourcesBuildPhase;
			buildActionMask = 2147483647;
			files = (
			);
			runOnlyForDeploymentPostprocessing = 0;
		};
		EDFCA7521BB1734F00AF49EA /* Resources */ = {
			isa = PBXResourcesBuildPhase;
			buildActionMask = 2147483647;
			files = (
			);
			runOnlyForDeploymentPostprocessing = 0;
		};
/* End PBXResourcesBuildPhase section */

/* Begin PBXSourcesBuildPhase section */
		EDBA41F41BB242FF004B9A62 /* Sources */ = {
			isa = PBXSourcesBuildPhase;
			buildActionMask = 2147483647;
			files = (
				EDBA41FE1BB242FF004B9A62 /* KeyboardViewController.m in Sources */,
			);
			runOnlyForDeploymentPostprocessing = 0;
		};
		EDFCA7371BB1734F00AF49EA /* Sources */ = {
			isa = PBXSourcesBuildPhase;
			buildActionMask = 2147483647;
			files = (
				EDD38DF51BB7F75E001878DC /* AppContentViewController.m in Sources */,
				EDBA42221BB39162004B9A62 /* AppBookView.m in Sources */,
				EDD38DF61BB7F75E001878DC /* UIImage+UIColor.m in Sources */,
				EDBA42081BB2496B004B9A62 /* KeyboardViewController.m in Sources */,
				EDFCA7471BB1734F00AF49EA /* ViewController.m in Sources */,
				EDD38DF01BB7BA41001878DC /* AppLabel.m in Sources */,
				EDFCA7441BB1734F00AF49EA /* AppDelegate.m in Sources */,
				EDFCA7411BB1734F00AF49EA /* main.m in Sources */,
				EDD38DF91BB80FEF001878DC /* UILabel+VerticalAlign.m in Sources */,
				EDBA42371BB3EDDD004B9A62 /* AppUtils.m in Sources */,
				EDD363E61BC0FB43008CD9AC /* UITouchScrollView.m in Sources */,
				EDBA423B1BC60388004B9A62 /* ClientServer.m in Sources */,
			);
			runOnlyForDeploymentPostprocessing = 0;
		};
		EDFCA7501BB1734F00AF49EA /* Sources */ = {
			isa = PBXSourcesBuildPhase;
			buildActionMask = 2147483647;
			files = (
				EDFCA75B1BB1734F00AF49EA /* app_demoTests.m in Sources */,
			);
			runOnlyForDeploymentPostprocessing = 0;
		};
/* End PBXSourcesBuildPhase section */

/* Begin PBXTargetDependency section */
		EDFCA7561BB1734F00AF49EA /* PBXTargetDependency */ = {
			isa = PBXTargetDependency;
			target = EDFCA73A1BB1734F00AF49EA /* app_demo */;
			targetProxy = EDFCA7551BB1734F00AF49EA /* PBXContainerItemProxy */;
		};
/* End PBXTargetDependency section */

/* Begin XCBuildConfiguration section */
		EDBA42031BB242FF004B9A62 /* Debug */ = {
			isa = XCBuildConfiguration;
			buildSettings = {
				GCC_PREPROCESSOR_DEFINITIONS = (
					"DEBUG=1",
					"$(inherited)",
				);
				INFOPLIST_FILE = ChinTypewriting/Info.plist;
				IPHONEOS_DEPLOYMENT_TARGET = 8.4;
				LD_RUNPATH_SEARCH_PATHS = "$(inherited) @executable_path/Frameworks @executable_path/../../Frameworks";
				PRODUCT_NAME = "$(TARGET_NAME)";
				SKIP_INSTALL = YES;
			};
			name = Debug;
		};
		EDBA42041BB242FF004B9A62 /* Release */ = {
			isa = XCBuildConfiguration;
			buildSettings = {
				INFOPLIST_FILE = ChinTypewriting/Info.plist;
				IPHONEOS_DEPLOYMENT_TARGET = 8.4;
				LD_RUNPATH_SEARCH_PATHS = "$(inherited) @executable_path/Frameworks @executable_path/../../Frameworks";
				PRODUCT_NAME = "$(TARGET_NAME)";
				SKIP_INSTALL = YES;
			};
			name = Release;
		};
		EDFCA75C1BB1734F00AF49EA /* Debug */ = {
			isa = XCBuildConfiguration;
			buildSettings = {
				ALWAYS_SEARCH_USER_PATHS = NO;
				CLANG_CXX_LANGUAGE_STANDARD = "gnu++0x";
				CLANG_CXX_LIBRARY = "libc++";
				CLANG_ENABLE_MODULES = YES;
				CLANG_ENABLE_OBJC_ARC = YES;
				CLANG_WARN_BOOL_CONVERSION = YES;
				CLANG_WARN_CONSTANT_CONVERSION = YES;
				CLANG_WARN_DIRECT_OBJC_ISA_USAGE = YES_ERROR;
				CLANG_WARN_EMPTY_BODY = YES;
				CLANG_WARN_ENUM_CONVERSION = YES;
				CLANG_WARN_INT_CONVERSION = YES;
				CLANG_WARN_OBJC_ROOT_CLASS = YES_ERROR;
				CLANG_WARN_UNREACHABLE_CODE = YES;
				CLANG_WARN__DUPLICATE_METHOD_MATCH = YES;
				"CODE_SIGN_IDENTITY[sdk=iphoneos*]" = "iPhone Developer";
				COPY_PHASE_STRIP = NO;
				DEBUG_INFORMATION_FORMAT = "dwarf-with-dsym";
				ENABLE_STRICT_OBJC_MSGSEND = YES;
				GCC_C_LANGUAGE_STANDARD = gnu99;
				GCC_DYNAMIC_NO_PIC = NO;
				GCC_NO_COMMON_BLOCKS = YES;
				GCC_OPTIMIZATION_LEVEL = 0;
				GCC_PREPROCESSOR_DEFINITIONS = (
					"DEBUG=1",
					"$(inherited)",
				);
				GCC_SYMBOLS_PRIVATE_EXTERN = NO;
				GCC_WARN_64_TO_32_BIT_CONVERSION = YES;
				GCC_WARN_ABOUT_RETURN_TYPE = YES_ERROR;
				GCC_WARN_UNDECLARED_SELECTOR = YES;
				GCC_WARN_UNINITIALIZED_AUTOS = YES_AGGRESSIVE;
				GCC_WARN_UNUSED_FUNCTION = YES;
				GCC_WARN_UNUSED_VARIABLE = YES;
				IPHONEOS_DEPLOYMENT_TARGET = 8.3;
				LD_GENERATE_MAP_FILE = YES;
				MTL_ENABLE_DEBUG_INFO = YES;
				ONLY_ACTIVE_ARCH = YES;
				SDKROOT = iphoneos;
				TARGETED_DEVICE_FAMILY = "1,2";
			};
			name = Debug;
		};
		EDFCA75D1BB1734F00AF49EA /* Release */ = {
			isa = XCBuildConfiguration;
			buildSettings = {
				ALWAYS_SEARCH_USER_PATHS = NO;
				CLANG_CXX_LANGUAGE_STANDARD = "gnu++0x";
				CLANG_CXX_LIBRARY = "libc++";
				CLANG_ENABLE_MODULES = YES;
				CLANG_ENABLE_OBJC_ARC = YES;
				CLANG_WARN_BOOL_CONVERSION = YES;
				CLANG_WARN_CONSTANT_CONVERSION = YES;
				CLANG_WARN_DIRECT_OBJC_ISA_USAGE = YES_ERROR;
				CLANG_WARN_EMPTY_BODY = YES;
				CLANG_WARN_ENUM_CONVERSION = YES;
				CLANG_WARN_INT_CONVERSION = YES;
				CLANG_WARN_OBJC_ROOT_CLASS = YES_ERROR;
				CLANG_WARN_UNREACHABLE_CODE = YES;
				CLANG_WARN__DUPLICATE_METHOD_MATCH = YES;
				"CODE_SIGN_IDENTITY[sdk=iphoneos*]" = "iPhone Developer";
				COPY_PHASE_STRIP = NO;
				DEBUG_INFORMATION_FORMAT = "dwarf-with-dsym";
				ENABLE_NS_ASSERTIONS = NO;
				ENABLE_STRICT_OBJC_MSGSEND = YES;
				GCC_C_LANGUAGE_STANDARD = gnu99;
				GCC_NO_COMMON_BLOCKS = YES;
				GCC_WARN_64_TO_32_BIT_CONVERSION = YES;
				GCC_WARN_ABOUT_RETURN_TYPE = YES_ERROR;
				GCC_WARN_UNDECLARED_SELECTOR = YES;
				GCC_WARN_UNINITIALIZED_AUTOS = YES_AGGRESSIVE;
				GCC_WARN_UNUSED_FUNCTION = YES;
				GCC_WARN_UNUSED_VARIABLE = YES;
				IPHONEOS_DEPLOYMENT_TARGET = 8.3;
				LD_GENERATE_MAP_FILE = YES;
				MTL_ENABLE_DEBUG_INFO = NO;
				SDKROOT = iphoneos;
				TARGETED_DEVICE_FAMILY = "1,2";
				VALIDATE_PRODUCT = YES;
			};
			name = Release;
		};
		EDFCA75F1BB1734F00AF49EA /* Debug */ = {
			isa = XCBuildConfiguration;
			buildSettings = {
				ASSETCATALOG_COMPILER_APPICON_NAME = AppIcon;
				INFOPLIST_FILE = app_demo/Info.plist;
				LD_RUNPATH_SEARCH_PATHS = "$(inherited) @executable_path/Frameworks";
				PRODUCT_NAME = "$(TARGET_NAME)";
			};
			name = Debug;
		};
		EDFCA7601BB1734F00AF49EA /* Release */ = {
			isa = XCBuildConfiguration;
			buildSettings = {
				ASSETCATALOG_COMPILER_APPICON_NAME = AppIcon;
				INFOPLIST_FILE = app_demo/Info.plist;
				LD_RUNPATH_SEARCH_PATHS = "$(inherited) @executable_path/Frameworks";
				PRODUCT_NAME = "$(TARGET_NAME)";
			};
			name = Release;
		};
		EDFCA7621BB1734F00AF49EA /* Debug */ = {
			isa = XCBuildConfiguration;
			buildSettings = {
				BUNDLE_LOADER = "$(TEST_HOST)";
				FRAMEWORK_SEARCH_PATHS = (
					"$(SDKROOT)/Developer/Library/Frameworks",
					"$(inherited)",
				);
				GCC_PREPROCESSOR_DEFINITIONS = (
					"DEBUG=1",
					"$(inherited)",
				);
				INFOPLIST_FILE = app_demoTests/Info.plist;
				LD_RUNPATH_SEARCH_PATHS = "$(inherited) @executable_path/Frameworks @loader_path/Frameworks";
				PRODUCT_NAME = "$(TARGET_NAME)";
				TEST_HOST = "$(BUILT_PRODUCTS_DIR)/app_demo.app/app_demo";
			};
			name = Debug;
		};
		EDFCA7631BB1734F00AF49EA /* Release */ = {
			isa = XCBuildConfiguration;
			buildSettings = {
				BUNDLE_LOADER = "$(TEST_HOST)";
				FRAMEWORK_SEARCH_PATHS = (
					"$(SDKROOT)/Developer/Library/Frameworks",
					"$(inherited)",
				);
				INFOPLIST_FILE = app_demoTests/Info.plist;
				LD_RUNPATH_SEARCH_PATHS = "$(inherited) @executable_path/Frameworks @loader_path/Frameworks";
				PRODUCT_NAME = "$(TARGET_NAME)";
				TEST_HOST = "$(BUILT_PRODUCTS_DIR)/app_demo.app/app_demo";
			};
			name = Release;
		};
/* End XCBuildConfiguration section */

/* Begin XCConfigurationList section */
		EDBA42021BB242FF004B9A62 /* Build configuration list for PBXNativeTarget "ChinTypewriting" */ = {
			isa = XCConfigurationList;
			buildConfigurations = (
				EDBA42031BB242FF004B9A62 /* Debug */,
				EDBA42041BB242FF004B9A62 /* Release */,
			);
			defaultConfigurationIsVisible = 0;
			defaultConfigurationName = Release;
		};
		EDFCA7361BB1734F00AF49EA /* Build configuration list for PBXProject "app_demo" */ = {
			isa = XCConfigurationList;
			buildConfigurations = (
				EDFCA75C1BB1734F00AF49EA /* Debug */,
				EDFCA75D1BB1734F00AF49EA /* Release */,
			);
			defaultConfigurationIsVisible = 0;
			defaultConfigurationName = Release;
		};
		EDFCA75E1BB1734F00AF49EA /* Build configuration list for PBXNativeTarget "app_demo" */ = {
			isa = XCConfigurationList;
			buildConfigurations = (
				EDFCA75F1BB1734F00AF49EA /* Debug */,
				EDFCA7601BB1734F00AF49EA /* Release */,
			);
			defaultConfigurationIsVisible = 0;
			defaultConfigurationName = Release;
		};
		EDFCA7611BB1734F00AF49EA /* Build configuration list for PBXNativeTarget "app_demoTests" */ = {
			isa = XCConfigurationList;
			buildConfigurations = (
				EDFCA7621BB1734F00AF49EA /* Debug */,
				EDFCA7631BB1734F00AF49EA /* Release */,
			);
			defaultConfigurationIsVisible = 0;
			defaultConfigurationName = Release;
		};
/* End XCConfigurationList section */
	};
	rootObject = EDFCA7331BB1734F00AF49EA /* Project object */;
}
